// !$*UTF8*$!
{
	archiveVersion = 1;
	classes = {
	};
	objectVersion = 56;
	objects = {

/* Begin PBXBuildFile section */
		D450E8192AEC4F9500FD1861 /* Model in Frameworks */ = {isa = PBXBuildFile; productRef = D450E8182AEC4F9500FD1861 /* Model */; };
		D48AEBE22B0A993300DA6FCD /* Defaults in Frameworks */ = {isa = PBXBuildFile; productRef = D48AEBE12B0A993300DA6FCD /* Defaults */; };
		D4D00A6B2AEA612300409A8D /* SwiftUI_PokedexApp.swift in Sources */ = {isa = PBXBuildFile; fileRef = D4D00A6A2AEA612300409A8D /* SwiftUI_PokedexApp.swift */; };
		D4D00A6D2AEA612300409A8D /* ContentView.swift in Sources */ = {isa = PBXBuildFile; fileRef = D4D00A6C2AEA612300409A8D /* ContentView.swift */; };
		D4D00A6F2AEA612300409A8D /* Item.swift in Sources */ = {isa = PBXBuildFile; fileRef = D4D00A6E2AEA612300409A8D /* Item.swift */; };
		D4D00A712AEA612500409A8D /* Assets.xcassets in Resources */ = {isa = PBXBuildFile; fileRef = D4D00A702AEA612500409A8D /* Assets.xcassets */; };
		D4D00A752AEA612500409A8D /* Preview Assets.xcassets in Resources */ = {isa = PBXBuildFile; fileRef = D4D00A742AEA612500409A8D /* Preview Assets.xcassets */; };
		D4D00A7F2AEA612600409A8D /* SwiftUI_PokedexTests.swift in Sources */ = {isa = PBXBuildFile; fileRef = D4D00A7E2AEA612600409A8D /* SwiftUI_PokedexTests.swift */; };
		D4D00A892AEA612600409A8D /* SwiftUI_PokedexUITests.swift in Sources */ = {isa = PBXBuildFile; fileRef = D4D00A882AEA612600409A8D /* SwiftUI_PokedexUITests.swift */; };
		D4D00A8B2AEA612600409A8D /* SwiftUI_PokedexUITestsLaunchTests.swift in Sources */ = {isa = PBXBuildFile; fileRef = D4D00A8A2AEA612600409A8D /* SwiftUI_PokedexUITestsLaunchTests.swift */; };
		D4D00A9C2AEA681800409A8D /* Kingfisher in Frameworks */ = {isa = PBXBuildFile; productRef = D4D00A9B2AEA681800409A8D /* Kingfisher */; };
		D4D00A9F2AEA682400409A8D /* Moya in Frameworks */ = {isa = PBXBuildFile; productRef = D4D00A9E2AEA682400409A8D /* Moya */; };
		D4DBFBFA2AFFAB8000D3C8B2 /* API in Resources */ = {isa = PBXBuildFile; fileRef = D4DBFBF92AFFAB8000D3C8B2 /* API */; };
		D4DBFBFC2B00C4A800D3C8B2 /* API in Frameworks */ = {isa = PBXBuildFile; productRef = D4DBFBFB2B00C4A800D3C8B2 /* API */; };
/* End PBXBuildFile section */

/* Begin PBXContainerItemProxy section */
		D4D00A7B2AEA612600409A8D /* PBXContainerItemProxy */ = {
			isa = PBXContainerItemProxy;
			containerPortal = D4D00A5F2AEA612300409A8D /* Project object */;
			proxyType = 1;
			remoteGlobalIDString = D4D00A662AEA612300409A8D;
			remoteInfo = "SwiftUI-Pokedex";
		};
		D4D00A852AEA612600409A8D /* PBXContainerItemProxy */ = {
			isa = PBXContainerItemProxy;
			containerPortal = D4D00A5F2AEA612300409A8D /* Project object */;
			proxyType = 1;
			remoteGlobalIDString = D4D00A662AEA612300409A8D;
			remoteInfo = "SwiftUI-Pokedex";
		};
/* End PBXContainerItemProxy section */

/* Begin PBXFileReference section */
		D450E8172AEC4F1F00FD1861 /* Model */ = {isa = PBXFileReference; lastKnownFileType = wrapper; name = Model; path = Packages/Model; sourceTree = "<group>"; };
		D48AEBD62B0A732C00DA6FCD /* Defaults */ = {isa = PBXFileReference; lastKnownFileType = wrapper; name = Defaults; path = Packages/Defaults; sourceTree = "<group>"; };
		D4C811BF2AFD82F300F0974A /* Mapper */ = {isa = PBXFileReference; lastKnownFileType = wrapper; name = Mapper; path = Packages/Mapper; sourceTree = "<group>"; };
		D4D00A672AEA612300409A8D /* SwiftUI-Pokedex-MV.app */ = {isa = PBXFileReference; explicitFileType = wrapper.application; includeInIndex = 0; path = "SwiftUI-Pokedex-MV.app"; sourceTree = BUILT_PRODUCTS_DIR; };
		D4D00A6A2AEA612300409A8D /* SwiftUI_PokedexApp.swift */ = {isa = PBXFileReference; lastKnownFileType = sourcecode.swift; path = SwiftUI_PokedexApp.swift; sourceTree = "<group>"; };
		D4D00A6C2AEA612300409A8D /* ContentView.swift */ = {isa = PBXFileReference; lastKnownFileType = sourcecode.swift; path = ContentView.swift; sourceTree = "<group>"; };
		D4D00A6E2AEA612300409A8D /* Item.swift */ = {isa = PBXFileReference; lastKnownFileType = sourcecode.swift; path = Item.swift; sourceTree = "<group>"; };
		D4D00A702AEA612500409A8D /* Assets.xcassets */ = {isa = PBXFileReference; lastKnownFileType = folder.assetcatalog; path = Assets.xcassets; sourceTree = "<group>"; };
		D4D00A722AEA612500409A8D /* SwiftUI_Pokedex.entitlements */ = {isa = PBXFileReference; lastKnownFileType = text.plist.entitlements; path = SwiftUI_Pokedex.entitlements; sourceTree = "<group>"; };
		D4D00A742AEA612500409A8D /* Preview Assets.xcassets */ = {isa = PBXFileReference; lastKnownFileType = folder.assetcatalog; path = "Preview Assets.xcassets"; sourceTree = "<group>"; };
		D4D00A7A2AEA612600409A8D /* SwiftUI-PokedexTests.xctest */ = {isa = PBXFileReference; explicitFileType = wrapper.cfbundle; includeInIndex = 0; path = "SwiftUI-PokedexTests.xctest"; sourceTree = BUILT_PRODUCTS_DIR; };
		D4D00A7E2AEA612600409A8D /* SwiftUI_PokedexTests.swift */ = {isa = PBXFileReference; lastKnownFileType = sourcecode.swift; path = SwiftUI_PokedexTests.swift; sourceTree = "<group>"; };
		D4D00A842AEA612600409A8D /* SwiftUI-PokedexUITests.xctest */ = {isa = PBXFileReference; explicitFileType = wrapper.cfbundle; includeInIndex = 0; path = "SwiftUI-PokedexUITests.xctest"; sourceTree = BUILT_PRODUCTS_DIR; };
		D4D00A882AEA612600409A8D /* SwiftUI_PokedexUITests.swift */ = {isa = PBXFileReference; lastKnownFileType = sourcecode.swift; path = SwiftUI_PokedexUITests.swift; sourceTree = "<group>"; };
		D4D00A8A2AEA612600409A8D /* SwiftUI_PokedexUITestsLaunchTests.swift */ = {isa = PBXFileReference; lastKnownFileType = sourcecode.swift; path = SwiftUI_PokedexUITestsLaunchTests.swift; sourceTree = "<group>"; };
		D4D00A972AEA646B00409A8D /* README.md */ = {isa = PBXFileReference; fileEncoding = 4; lastKnownFileType = net.daringfireball.markdown; path = README.md; sourceTree = "<group>"; };
		D4DBFBF82AFFAB5900D3C8B2 /* Provider */ = {isa = PBXFileReference; lastKnownFileType = wrapper; name = Provider; path = Packages/Network/Provider; sourceTree = "<group>"; };
		D4DBFBF92AFFAB8000D3C8B2 /* API */ = {isa = PBXFileReference; lastKnownFileType = wrapper; name = API; path = Packages/Network/API; sourceTree = "<group>"; };
/* End PBXFileReference section */

/* Begin PBXFrameworksBuildPhase section */
		D4D00A642AEA612300409A8D /* Frameworks */ = {
			isa = PBXFrameworksBuildPhase;
			buildActionMask = 2147483647;
			files = (
				D450E8192AEC4F9500FD1861 /* Model in Frameworks */,
				D4DBFBFC2B00C4A800D3C8B2 /* API in Frameworks */,
				D4D00A9F2AEA682400409A8D /* Moya in Frameworks */,
				D4D00A9C2AEA681800409A8D /* Kingfisher in Frameworks */,
				D48AEBE22B0A993300DA6FCD /* Defaults in Frameworks */,
			);
			runOnlyForDeploymentPostprocessing = 0;
		};
		D4D00A772AEA612600409A8D /* Frameworks */ = {
			isa = PBXFrameworksBuildPhase;
			buildActionMask = 2147483647;
			files = (
			);
			runOnlyForDeploymentPostprocessing = 0;
		};
		D4D00A812AEA612600409A8D /* Frameworks */ = {
			isa = PBXFrameworksBuildPhase;
			buildActionMask = 2147483647;
			files = (
			);
			runOnlyForDeploymentPostprocessing = 0;
		};
/* End PBXFrameworksBuildPhase section */

/* Begin PBXGroup section */
		D450E8142AEC49A100FD1861 /* Frameworks */ = {
			isa = PBXGroup;
			children = (
			);
			name = Frameworks;
			sourceTree = "<group>";
		};
		D4D00A5E2AEA612300409A8D = {
			isa = PBXGroup;
			children = (
				D48AEBD62B0A732C00DA6FCD /* Defaults */,
				D4DBFBF92AFFAB8000D3C8B2 /* API */,
				D4DBFBF82AFFAB5900D3C8B2 /* Provider */,
				D4C811BF2AFD82F300F0974A /* Mapper */,
				D450E8172AEC4F1F00FD1861 /* Model */,
				D4D00A972AEA646B00409A8D /* README.md */,
				D4D00A692AEA612300409A8D /* SwiftUI-Pokedex */,
				D4D00A7D2AEA612600409A8D /* SwiftUI-PokedexTests */,
				D4D00A872AEA612600409A8D /* SwiftUI-PokedexUITests */,
				D4D00A682AEA612300409A8D /* Products */,
				D450E8142AEC49A100FD1861 /* Frameworks */,
			);
			sourceTree = "<group>";
		};
		D4D00A682AEA612300409A8D /* Products */ = {
			isa = PBXGroup;
			children = (
				D4D00A672AEA612300409A8D /* SwiftUI-Pokedex-MV.app */,
				D4D00A7A2AEA612600409A8D /* SwiftUI-PokedexTests.xctest */,
				D4D00A842AEA612600409A8D /* SwiftUI-PokedexUITests.xctest */,
			);
			name = Products;
			sourceTree = "<group>";
		};
		D4D00A692AEA612300409A8D /* SwiftUI-Pokedex */ = {
			isa = PBXGroup;
			children = (
				D4D00A6A2AEA612300409A8D /* SwiftUI_PokedexApp.swift */,
				D4D00A6C2AEA612300409A8D /* ContentView.swift */,
				D4D00A6E2AEA612300409A8D /* Item.swift */,
				D4D00A702AEA612500409A8D /* Assets.xcassets */,
				D4D00A722AEA612500409A8D /* SwiftUI_Pokedex.entitlements */,
				D4D00A732AEA612500409A8D /* Preview Content */,
			);
			path = "SwiftUI-Pokedex";
			sourceTree = "<group>";
		};
		D4D00A732AEA612500409A8D /* Preview Content */ = {
			isa = PBXGroup;
			children = (
				D4D00A742AEA612500409A8D /* Preview Assets.xcassets */,
			);
			path = "Preview Content";
			sourceTree = "<group>";
		};
		D4D00A7D2AEA612600409A8D /* SwiftUI-PokedexTests */ = {
			isa = PBXGroup;
			children = (
				D4D00A7E2AEA612600409A8D /* SwiftUI_PokedexTests.swift */,
			);
			path = "SwiftUI-PokedexTests";
			sourceTree = "<group>";
		};
		D4D00A872AEA612600409A8D /* SwiftUI-PokedexUITests */ = {
			isa = PBXGroup;
			children = (
				D4D00A882AEA612600409A8D /* SwiftUI_PokedexUITests.swift */,
				D4D00A8A2AEA612600409A8D /* SwiftUI_PokedexUITestsLaunchTests.swift */,
			);
			path = "SwiftUI-PokedexUITests";
			sourceTree = "<group>";
		};
/* End PBXGroup section */

/* Begin PBXNativeTarget section */
		D4D00A662AEA612300409A8D /* SwiftUI-Pokedex-MV */ = {
			isa = PBXNativeTarget;
			buildConfigurationList = D4D00A8E2AEA612600409A8D /* Build configuration list for PBXNativeTarget "SwiftUI-Pokedex-MV" */;
			buildPhases = (
				D4D00A632AEA612300409A8D /* Sources */,
				D4D00A642AEA612300409A8D /* Frameworks */,
				D4D00A652AEA612300409A8D /* Resources */,
			);
			buildRules = (
			);
			dependencies = (
			);
			name = "SwiftUI-Pokedex-MV";
			packageProductDependencies = (
				D4D00A9B2AEA681800409A8D /* Kingfisher */,
				D4D00A9E2AEA682400409A8D /* Moya */,
				D450E8182AEC4F9500FD1861 /* Model */,
				D4DBFBFB2B00C4A800D3C8B2 /* API */,
				D48AEBE12B0A993300DA6FCD /* Defaults */,
			);
			productName = "SwiftUI-Pokedex";
			productReference = D4D00A672AEA612300409A8D /* SwiftUI-Pokedex-MV.app */;
			productType = "com.apple.product-type.application";
		};
		D4D00A792AEA612600409A8D /* SwiftUI-PokedexTests */ = {
			isa = PBXNativeTarget;
			buildConfigurationList = D4D00A912AEA612600409A8D /* Build configuration list for PBXNativeTarget "SwiftUI-PokedexTests" */;
			buildPhases = (
				D4D00A762AEA612600409A8D /* Sources */,
				D4D00A772AEA612600409A8D /* Frameworks */,
				D4D00A782AEA612600409A8D /* Resources */,
			);
			buildRules = (
			);
			dependencies = (
				D4D00A7C2AEA612600409A8D /* PBXTargetDependency */,
			);
			name = "SwiftUI-PokedexTests";
			productName = "SwiftUI-PokedexTests";
			productReference = D4D00A7A2AEA612600409A8D /* SwiftUI-PokedexTests.xctest */;
			productType = "com.apple.product-type.bundle.unit-test";
		};
		D4D00A832AEA612600409A8D /* SwiftUI-PokedexUITests */ = {
			isa = PBXNativeTarget;
			buildConfigurationList = D4D00A942AEA612600409A8D /* Build configuration list for PBXNativeTarget "SwiftUI-PokedexUITests" */;
			buildPhases = (
				D4D00A802AEA612600409A8D /* Sources */,
				D4D00A812AEA612600409A8D /* Frameworks */,
				D4D00A822AEA612600409A8D /* Resources */,
			);
			buildRules = (
			);
			dependencies = (
				D4D00A862AEA612600409A8D /* PBXTargetDependency */,
			);
			name = "SwiftUI-PokedexUITests";
			productName = "SwiftUI-PokedexUITests";
			productReference = D4D00A842AEA612600409A8D /* SwiftUI-PokedexUITests.xctest */;
			productType = "com.apple.product-type.bundle.ui-testing";
		};
/* End PBXNativeTarget section */

/* Begin PBXProject section */
		D4D00A5F2AEA612300409A8D /* Project object */ = {
			isa = PBXProject;
			attributes = {
				BuildIndependentTargetsInParallel = 1;
				LastSwiftUpdateCheck = 1500;
				LastUpgradeCheck = 1500;
				TargetAttributes = {
					D4D00A662AEA612300409A8D = {
						CreatedOnToolsVersion = 15.0;
					};
					D4D00A792AEA612600409A8D = {
						CreatedOnToolsVersion = 15.0;
						TestTargetID = D4D00A662AEA612300409A8D;
					};
					D4D00A832AEA612600409A8D = {
						CreatedOnToolsVersion = 15.0;
						TestTargetID = D4D00A662AEA612300409A8D;
					};
				};
			};
			buildConfigurationList = D4D00A622AEA612300409A8D /* Build configuration list for PBXProject "SwiftUI-Pokedex" */;
			compatibilityVersion = "Xcode 14.0";
			developmentRegion = en;
			hasScannedForEncodings = 0;
			knownRegions = (
				en,
				Base,
			);
			mainGroup = D4D00A5E2AEA612300409A8D;
			packageReferences = (
				D4D00A992AEA681000409A8D /* XCRemoteSwiftPackageReference "Moya" */,
				D4D00A9A2AEA681800409A8D /* XCRemoteSwiftPackageReference "Kingfisher" */,
			);
			productRefGroup = D4D00A682AEA612300409A8D /* Products */;
			projectDirPath = "";
			projectRoot = "";
			targets = (
				D4D00A662AEA612300409A8D /* SwiftUI-Pokedex-MV */,
				D4D00A792AEA612600409A8D /* SwiftUI-PokedexTests */,
				D4D00A832AEA612600409A8D /* SwiftUI-PokedexUITests */,
			);
		};
/* End PBXProject section */

/* Begin PBXResourcesBuildPhase section */
		D4D00A652AEA612300409A8D /* Resources */ = {
			isa = PBXResourcesBuildPhase;
			buildActionMask = 2147483647;
			files = (
				D4DBFBFA2AFFAB8000D3C8B2 /* API in Resources */,
				D4D00A752AEA612500409A8D /* Preview Assets.xcassets in Resources */,
				D4D00A712AEA612500409A8D /* Assets.xcassets in Resources */,
			);
			runOnlyForDeploymentPostprocessing = 0;
		};
		D4D00A782AEA612600409A8D /* Resources */ = {
			isa = PBXResourcesBuildPhase;
			buildActionMask = 2147483647;
			files = (
			);
			runOnlyForDeploymentPostprocessing = 0;
		};
		D4D00A822AEA612600409A8D /* Resources */ = {
			isa = PBXResourcesBuildPhase;
			buildActionMask = 2147483647;
			files = (
			);
			runOnlyForDeploymentPostprocessing = 0;
		};
/* End PBXResourcesBuildPhase section */

/* Begin PBXSourcesBuildPhase section */
		D4D00A632AEA612300409A8D /* Sources */ = {
			isa = PBXSourcesBuildPhase;
			buildActionMask = 2147483647;
			files = (
				D4D00A6D2AEA612300409A8D /* ContentView.swift in Sources */,
				D4D00A6F2AEA612300409A8D /* Item.swift in Sources */,
				D4D00A6B2AEA612300409A8D /* SwiftUI_PokedexApp.swift in Sources */,
			);
			runOnlyForDeploymentPostprocessing = 0;
		};
		D4D00A762AEA612600409A8D /* Sources */ = {
			isa = PBXSourcesBuildPhase;
			buildActionMask = 2147483647;
			files = (
				D4D00A7F2AEA612600409A8D /* SwiftUI_PokedexTests.swift in Sources */,
			);
			runOnlyForDeploymentPostprocessing = 0;
		};
		D4D00A802AEA612600409A8D /* Sources */ = {
			isa = PBXSourcesBuildPhase;
			buildActionMask = 2147483647;
			files = (
				D4D00A892AEA612600409A8D /* SwiftUI_PokedexUITests.swift in Sources */,
				D4D00A8B2AEA612600409A8D /* SwiftUI_PokedexUITestsLaunchTests.swift in Sources */,
			);
			runOnlyForDeploymentPostprocessing = 0;
		};
/* End PBXSourcesBuildPhase section */

/* Begin PBXTargetDependency section */
		D4D00A7C2AEA612600409A8D /* PBXTargetDependency */ = {
			isa = PBXTargetDependency;
			target = D4D00A662AEA612300409A8D /* SwiftUI-Pokedex-MV */;
			targetProxy = D4D00A7B2AEA612600409A8D /* PBXContainerItemProxy */;
		};
		D4D00A862AEA612600409A8D /* PBXTargetDependency */ = {
			isa = PBXTargetDependency;
			target = D4D00A662AEA612300409A8D /* SwiftUI-Pokedex-MV */;
			targetProxy = D4D00A852AEA612600409A8D /* PBXContainerItemProxy */;
		};
/* End PBXTargetDependency section */

/* Begin XCBuildConfiguration section */
		D4D00A8C2AEA612600409A8D /* Debug */ = {
			isa = XCBuildConfiguration;
			buildSettings = {
				ALWAYS_SEARCH_USER_PATHS = NO;
				ASSETCATALOG_COMPILER_GENERATE_SWIFT_ASSET_SYMBOL_EXTENSIONS = YES;
				CLANG_ANALYZER_NONNULL = YES;
				CLANG_ANALYZER_NUMBER_OBJECT_CONVERSION = YES_AGGRESSIVE;
				CLANG_CXX_LANGUAGE_STANDARD = "gnu++20";
				CLANG_ENABLE_MODULES = YES;
				CLANG_ENABLE_OBJC_ARC = YES;
				CLANG_ENABLE_OBJC_WEAK = YES;
				CLANG_WARN_BLOCK_CAPTURE_AUTORELEASING = YES;
				CLANG_WARN_BOOL_CONVERSION = YES;
				CLANG_WARN_COMMA = YES;
				CLANG_WARN_CONSTANT_CONVERSION = YES;
				CLANG_WARN_DEPRECATED_OBJC_IMPLEMENTATIONS = YES;
				CLANG_WARN_DIRECT_OBJC_ISA_USAGE = YES_ERROR;
				CLANG_WARN_DOCUMENTATION_COMMENTS = YES;
				CLANG_WARN_EMPTY_BODY = YES;
				CLANG_WARN_ENUM_CONVERSION = YES;
				CLANG_WARN_INFINITE_RECURSION = YES;
				CLANG_WARN_INT_CONVERSION = YES;
				CLANG_WARN_NON_LITERAL_NULL_CONVERSION = YES;
				CLANG_WARN_OBJC_IMPLICIT_RETAIN_SELF = YES;
				CLANG_WARN_OBJC_LITERAL_CONVERSION = YES;
				CLANG_WARN_OBJC_ROOT_CLASS = YES_ERROR;
				CLANG_WARN_QUOTED_INCLUDE_IN_FRAMEWORK_HEADER = YES;
				CLANG_WARN_RANGE_LOOP_ANALYSIS = YES;
				CLANG_WARN_STRICT_PROTOTYPES = YES;
				CLANG_WARN_SUSPICIOUS_MOVE = YES;
				CLANG_WARN_UNGUARDED_AVAILABILITY = YES_AGGRESSIVE;
				CLANG_WARN_UNREACHABLE_CODE = YES;
				CLANG_WARN__DUPLICATE_METHOD_MATCH = YES;
				COPY_PHASE_STRIP = NO;
				DEBUG_INFORMATION_FORMAT = dwarf;
				ENABLE_STRICT_OBJC_MSGSEND = YES;
				ENABLE_TESTABILITY = YES;
				ENABLE_USER_SCRIPT_SANDBOXING = YES;
				GCC_C_LANGUAGE_STANDARD = gnu17;
				GCC_DYNAMIC_NO_PIC = NO;
				GCC_NO_COMMON_BLOCKS = YES;
				GCC_OPTIMIZATION_LEVEL = 0;
				GCC_PREPROCESSOR_DEFINITIONS = (
					"DEBUG=1",
					"$(inherited)",
				);
				GCC_WARN_64_TO_32_BIT_CONVERSION = YES;
				GCC_WARN_ABOUT_RETURN_TYPE = YES_ERROR;
				GCC_WARN_UNDECLARED_SELECTOR = YES;
				GCC_WARN_UNINITIALIZED_AUTOS = YES_AGGRESSIVE;
				GCC_WARN_UNUSED_FUNCTION = YES;
				GCC_WARN_UNUSED_VARIABLE = YES;
				LOCALIZATION_PREFERS_STRING_CATALOGS = YES;
				MTL_ENABLE_DEBUG_INFO = INCLUDE_SOURCE;
				MTL_FAST_MATH = YES;
				ONLY_ACTIVE_ARCH = YES;
				SWIFT_ACTIVE_COMPILATION_CONDITIONS = "DEBUG $(inherited)";
				SWIFT_OPTIMIZATION_LEVEL = "-Onone";
			};
			name = Debug;
		};
		D4D00A8D2AEA612600409A8D /* Release */ = {
			isa = XCBuildConfiguration;
			buildSettings = {
				ALWAYS_SEARCH_USER_PATHS = NO;
				ASSETCATALOG_COMPILER_GENERATE_SWIFT_ASSET_SYMBOL_EXTENSIONS = YES;
				CLANG_ANALYZER_NONNULL = YES;
				CLANG_ANALYZER_NUMBER_OBJECT_CONVERSION = YES_AGGRESSIVE;
				CLANG_CXX_LANGUAGE_STANDARD = "gnu++20";
				CLANG_ENABLE_MODULES = YES;
				CLANG_ENABLE_OBJC_ARC = YES;
				CLANG_ENABLE_OBJC_WEAK = YES;
				CLANG_WARN_BLOCK_CAPTURE_AUTORELEASING = YES;
				CLANG_WARN_BOOL_CONVERSION = YES;
				CLANG_WARN_COMMA = YES;
				CLANG_WARN_CONSTANT_CONVERSION = YES;
				CLANG_WARN_DEPRECATED_OBJC_IMPLEMENTATIONS = YES;
				CLANG_WARN_DIRECT_OBJC_ISA_USAGE = YES_ERROR;
				CLANG_WARN_DOCUMENTATION_COMMENTS = YES;
				CLANG_WARN_EMPTY_BODY = YES;
				CLANG_WARN_ENUM_CONVERSION = YES;
				CLANG_WARN_INFINITE_RECURSION = YES;
				CLANG_WARN_INT_CONVERSION = YES;
				CLANG_WARN_NON_LITERAL_NULL_CONVERSION = YES;
				CLANG_WARN_OBJC_IMPLICIT_RETAIN_SELF = YES;
				CLANG_WARN_OBJC_LITERAL_CONVERSION = YES;
				CLANG_WARN_OBJC_ROOT_CLASS = YES_ERROR;
				CLANG_WARN_QUOTED_INCLUDE_IN_FRAMEWORK_HEADER = YES;
				CLANG_WARN_RANGE_LOOP_ANALYSIS = YES;
				CLANG_WARN_STRICT_PROTOTYPES = YES;
				CLANG_WARN_SUSPICIOUS_MOVE = YES;
				CLANG_WARN_UNGUARDED_AVAILABILITY = YES_AGGRESSIVE;
				CLANG_WARN_UNREACHABLE_CODE = YES;
				CLANG_WARN__DUPLICATE_METHOD_MATCH = YES;
				COPY_PHASE_STRIP = NO;
				DEBUG_INFORMATION_FORMAT = "dwarf-with-dsym";
				ENABLE_NS_ASSERTIONS = NO;
				ENABLE_STRICT_OBJC_MSGSEND = YES;
				ENABLE_USER_SCRIPT_SANDBOXING = YES;
				GCC_C_LANGUAGE_STANDARD = gnu17;
				GCC_NO_COMMON_BLOCKS = YES;
				GCC_WARN_64_TO_32_BIT_CONVERSION = YES;
				GCC_WARN_ABOUT_RETURN_TYPE = YES_ERROR;
				GCC_WARN_UNDECLARED_SELECTOR = YES;
				GCC_WARN_UNINITIALIZED_AUTOS = YES_AGGRESSIVE;
				GCC_WARN_UNUSED_FUNCTION = YES;
				GCC_WARN_UNUSED_VARIABLE = YES;
				LOCALIZATION_PREFERS_STRING_CATALOGS = YES;
				MTL_ENABLE_DEBUG_INFO = NO;
				MTL_FAST_MATH = YES;
				SWIFT_COMPILATION_MODE = wholemodule;
			};
			name = Release;
		};
		D4D00A8F2AEA612600409A8D /* Debug */ = {
			isa = XCBuildConfiguration;
			buildSettings = {
				ASSETCATALOG_COMPILER_APPICON_NAME = AppIcon;
				ASSETCATALOG_COMPILER_GLOBAL_ACCENT_COLOR_NAME = AccentColor;
				CODE_SIGN_ENTITLEMENTS = "SwiftUI-Pokedex/SwiftUI_Pokedex.entitlements";
				"CODE_SIGN_IDENTITY[sdk=macosx*]" = "Apple Development";
				CODE_SIGN_STYLE = Automatic;
				CURRENT_PROJECT_VERSION = 1;
				DEVELOPMENT_ASSET_PATHS = "\"SwiftUI-Pokedex/Preview Content\"";
				DEVELOPMENT_TEAM = SRD9PR5GCG;
				ENABLE_HARDENED_RUNTIME = YES;
				ENABLE_PREVIEWS = YES;
				GENERATE_INFOPLIST_FILE = YES;
				"INFOPLIST_KEY_UIApplicationSceneManifest_Generation[sdk=iphoneos*]" = YES;
				"INFOPLIST_KEY_UIApplicationSceneManifest_Generation[sdk=iphonesimulator*]" = YES;
				"INFOPLIST_KEY_UIApplicationSupportsIndirectInputEvents[sdk=iphoneos*]" = YES;
				"INFOPLIST_KEY_UIApplicationSupportsIndirectInputEvents[sdk=iphonesimulator*]" = YES;
				"INFOPLIST_KEY_UILaunchScreen_Generation[sdk=iphoneos*]" = YES;
				"INFOPLIST_KEY_UILaunchScreen_Generation[sdk=iphonesimulator*]" = YES;
				"INFOPLIST_KEY_UIStatusBarStyle[sdk=iphoneos*]" = UIStatusBarStyleDefault;
				"INFOPLIST_KEY_UIStatusBarStyle[sdk=iphonesimulator*]" = UIStatusBarStyleDefault;
				INFOPLIST_KEY_UISupportedInterfaceOrientations_iPad = "UIInterfaceOrientationPortrait UIInterfaceOrientationPortraitUpsideDown UIInterfaceOrientationLandscapeLeft UIInterfaceOrientationLandscapeRight";
				INFOPLIST_KEY_UISupportedInterfaceOrientations_iPhone = "UIInterfaceOrientationPortrait UIInterfaceOrientationLandscapeLeft UIInterfaceOrientationLandscapeRight";
				IPHONEOS_DEPLOYMENT_TARGET = 17.0;
				LD_RUNPATH_SEARCH_PATHS = "@executable_path/Frameworks";
				"LD_RUNPATH_SEARCH_PATHS[sdk=macosx*]" = "@executable_path/../Frameworks";
				MACOSX_DEPLOYMENT_TARGET = 14.0;
				MARKETING_VERSION = 1.0;
				PRODUCT_BUNDLE_IDENTIFIER = "com.rob.SwiftUI-Pokedex";
				PRODUCT_NAME = "$(TARGET_NAME)";
				SDKROOT = auto;
				SUPPORTED_PLATFORMS = "appletvos appletvsimulator iphoneos iphonesimulator macosx";
				SUPPORTS_MACCATALYST = NO;
				SWIFT_EMIT_LOC_STRINGS = YES;
				SWIFT_VERSION = 5.0;
				TARGETED_DEVICE_FAMILY = "1,2,3";
			};
			name = Debug;
		};
		D4D00A902AEA612600409A8D /* Release */ = {
			isa = XCBuildConfiguration;
			buildSettings = {
				ASSETCATALOG_COMPILER_APPICON_NAME = AppIcon;
				ASSETCATALOG_COMPILER_GLOBAL_ACCENT_COLOR_NAME = AccentColor;
				CODE_SIGN_ENTITLEMENTS = "SwiftUI-Pokedex/SwiftUI_Pokedex.entitlements";
				"CODE_SIGN_IDENTITY[sdk=macosx*]" = "Apple Development";
				CODE_SIGN_STYLE = Automatic;
				CURRENT_PROJECT_VERSION = 1;
				DEVELOPMENT_ASSET_PATHS = "\"SwiftUI-Pokedex/Preview Content\"";
				DEVELOPMENT_TEAM = SRD9PR5GCG;
				ENABLE_HARDENED_RUNTIME = YES;
				ENABLE_PREVIEWS = YES;
				GENERATE_INFOPLIST_FILE = YES;
				"INFOPLIST_KEY_UIApplicationSceneManifest_Generation[sdk=iphoneos*]" = YES;
				"INFOPLIST_KEY_UIApplicationSceneManifest_Generation[sdk=iphonesimulator*]" = YES;
				"INFOPLIST_KEY_UIApplicationSupportsIndirectInputEvents[sdk=iphoneos*]" = YES;
				"INFOPLIST_KEY_UIApplicationSupportsIndirectInputEvents[sdk=iphonesimulator*]" = YES;
				"INFOPLIST_KEY_UILaunchScreen_Generation[sdk=iphoneos*]" = YES;
				"INFOPLIST_KEY_UILaunchScreen_Generation[sdk=iphonesimulator*]" = YES;
				"INFOPLIST_KEY_UIStatusBarStyle[sdk=iphoneos*]" = UIStatusBarStyleDefault;
				"INFOPLIST_KEY_UIStatusBarStyle[sdk=iphonesimulator*]" = UIStatusBarStyleDefault;
				INFOPLIST_KEY_UISupportedInterfaceOrientations_iPad = "UIInterfaceOrientationPortrait UIInterfaceOrientationPortraitUpsideDown UIInterfaceOrientationLandscapeLeft UIInterfaceOrientationLandscapeRight";
				INFOPLIST_KEY_UISupportedInterfaceOrientations_iPhone = "UIInterfaceOrientationPortrait UIInterfaceOrientationLandscapeLeft UIInterfaceOrientationLandscapeRight";
				IPHONEOS_DEPLOYMENT_TARGET = 17.0;
				LD_RUNPATH_SEARCH_PATHS = "@executable_path/Frameworks";
				"LD_RUNPATH_SEARCH_PATHS[sdk=macosx*]" = "@executable_path/../Frameworks";
				MACOSX_DEPLOYMENT_TARGET = 14.0;
				MARKETING_VERSION = 1.0;
				PRODUCT_BUNDLE_IDENTIFIER = "com.rob.SwiftUI-Pokedex";
				PRODUCT_NAME = "$(TARGET_NAME)";
				SDKROOT = auto;
				SUPPORTED_PLATFORMS = "appletvos appletvsimulator iphoneos iphonesimulator macosx";
				SUPPORTS_MACCATALYST = NO;
				SWIFT_EMIT_LOC_STRINGS = YES;
				SWIFT_VERSION = 5.0;
				TARGETED_DEVICE_FAMILY = "1,2,3";
			};
			name = Release;
		};
		D4D00A922AEA612600409A8D /* Debug */ = {
			isa = XCBuildConfiguration;
			buildSettings = {
				ALWAYS_EMBED_SWIFT_STANDARD_LIBRARIES = YES;
				BUNDLE_LOADER = "$(TEST_HOST)";
				CODE_SIGN_IDENTITY = "Apple Development";
				CODE_SIGN_STYLE = Automatic;
				CURRENT_PROJECT_VERSION = 1;
				DEVELOPMENT_TEAM = SRD9PR5GCG;
				GENERATE_INFOPLIST_FILE = YES;
				IPHONEOS_DEPLOYMENT_TARGET = 17.0;
				MACOSX_DEPLOYMENT_TARGET = 14.0;
				MARKETING_VERSION = 1.0;
				PRODUCT_BUNDLE_IDENTIFIER = "com.rob.SwiftUI-PokedexTests";
				PRODUCT_NAME = "$(TARGET_NAME)";
				PROVISIONING_PROFILE_SPECIFIER = "";
				SDKROOT = auto;
				SUPPORTED_PLATFORMS = "iphoneos iphonesimulator macosx";
				SWIFT_EMIT_LOC_STRINGS = NO;
				SWIFT_VERSION = 5.0;
				TARGETED_DEVICE_FAMILY = "1,2";
				TEST_HOST = "$(BUILT_PRODUCTS_DIR)/SwiftUI-Pokedex.app/$(BUNDLE_EXECUTABLE_FOLDER_PATH)/SwiftUI-Pokedex";
			};
			name = Debug;
		};
		D4D00A932AEA612600409A8D /* Release */ = {
			isa = XCBuildConfiguration;
			buildSettings = {
				ALWAYS_EMBED_SWIFT_STANDARD_LIBRARIES = YES;
				BUNDLE_LOADER = "$(TEST_HOST)";
				CODE_SIGN_IDENTITY = "Apple Development";
				CODE_SIGN_STYLE = Automatic;
				CURRENT_PROJECT_VERSION = 1;
				DEVELOPMENT_TEAM = SRD9PR5GCG;
				GENERATE_INFOPLIST_FILE = YES;
				IPHONEOS_DEPLOYMENT_TARGET = 17.0;
				MACOSX_DEPLOYMENT_TARGET = 14.0;
				MARKETING_VERSION = 1.0;
				PRODUCT_BUNDLE_IDENTIFIER = "com.rob.SwiftUI-PokedexTests";
				PRODUCT_NAME = "$(TARGET_NAME)";
				PROVISIONING_PROFILE_SPECIFIER = "";
				SDKROOT = auto;
				SUPPORTED_PLATFORMS = "iphoneos iphonesimulator macosx";
				SWIFT_EMIT_LOC_STRINGS = NO;
				SWIFT_VERSION = 5.0;
				TARGETED_DEVICE_FAMILY = "1,2";
				TEST_HOST = "$(BUILT_PRODUCTS_DIR)/SwiftUI-Pokedex.app/$(BUNDLE_EXECUTABLE_FOLDER_PATH)/SwiftUI-Pokedex";
			};
			name = Release;
		};
		D4D00A952AEA612600409A8D /* Debug */ = {
			isa = XCBuildConfiguration;
			buildSettings = {
				ALWAYS_EMBED_SWIFT_STANDARD_LIBRARIES = YES;
				CODE_SIGN_STYLE = Automatic;
				CURRENT_PROJECT_VERSION = 1;
				DEVELOPMENT_TEAM = SRD9PR5GCG;
				GENERATE_INFOPLIST_FILE = YES;
				IPHONEOS_DEPLOYMENT_TARGET = 17.0;
				MACOSX_DEPLOYMENT_TARGET = 14.0;
				MARKETING_VERSION = 1.0;
				PRODUCT_BUNDLE_IDENTIFIER = "com.rob.SwiftUI-PokedexUITests";
				PRODUCT_NAME = "$(TARGET_NAME)";
				SDKROOT = auto;
				SUPPORTED_PLATFORMS = "iphoneos iphonesimulator macosx";
				SWIFT_EMIT_LOC_STRINGS = NO;
				SWIFT_VERSION = 5.0;
				TARGETED_DEVICE_FAMILY = "1,2";
				TEST_TARGET_NAME = "SwiftUI-Pokedex";
			};
			name = Debug;
		};
		D4D00A962AEA612600409A8D /* Release */ = {
			isa = XCBuildConfiguration;
			buildSettings = {
				ALWAYS_EMBED_SWIFT_STANDARD_LIBRARIES = YES;
				CODE_SIGN_STYLE = Automatic;
				CURRENT_PROJECT_VERSION = 1;
				DEVELOPMENT_TEAM = SRD9PR5GCG;
				GENERATE_INFOPLIST_FILE = YES;
				IPHONEOS_DEPLOYMENT_TARGET = 17.0;
				MACOSX_DEPLOYMENT_TARGET = 14.0;
				MARKETING_VERSION = 1.0;
				PRODUCT_BUNDLE_IDENTIFIER = "com.rob.SwiftUI-PokedexUITests";
				PRODUCT_NAME = "$(TARGET_NAME)";
				SDKROOT = auto;
				SUPPORTED_PLATFORMS = "iphoneos iphonesimulator macosx";
				SWIFT_EMIT_LOC_STRINGS = NO;
				SWIFT_VERSION = 5.0;
				TARGETED_DEVICE_FAMILY = "1,2";
				TEST_TARGET_NAME = "SwiftUI-Pokedex";
			};
			name = Release;
		};
/* End XCBuildConfiguration section */

/* Begin XCConfigurationList section */
		D4D00A622AEA612300409A8D /* Build configuration list for PBXProject "SwiftUI-Pokedex" */ = {
			isa = XCConfigurationList;
			buildConfigurations = (
				D4D00A8C2AEA612600409A8D /* Debug */,
				D4D00A8D2AEA612600409A8D /* Release */,
			);
			defaultConfigurationIsVisible = 0;
			defaultConfigurationName = Release;
		};
		D4D00A8E2AEA612600409A8D /* Build configuration list for PBXNativeTarget "SwiftUI-Pokedex-MV" */ = {
			isa = XCConfigurationList;
			buildConfigurations = (
				D4D00A8F2AEA612600409A8D /* Debug */,
				D4D00A902AEA612600409A8D /* Release */,
			);
			defaultConfigurationIsVisible = 0;
			defaultConfigurationName = Release;
		};
		D4D00A912AEA612600409A8D /* Build configuration list for PBXNativeTarget "SwiftUI-PokedexTests" */ = {
			isa = XCConfigurationList;
			buildConfigurations = (
				D4D00A922AEA612600409A8D /* Debug */,
				D4D00A932AEA612600409A8D /* Release */,
			);
			defaultConfigurationIsVisible = 0;
			defaultConfigurationName = Release;
		};
		D4D00A942AEA612600409A8D /* Build configuration list for PBXNativeTarget "SwiftUI-PokedexUITests" */ = {
			isa = XCConfigurationList;
			buildConfigurations = (
				D4D00A952AEA612600409A8D /* Debug */,
				D4D00A962AEA612600409A8D /* Release */,
			);
			defaultConfigurationIsVisible = 0;
			defaultConfigurationName = Release;
		};
/* End XCConfigurationList section */

/* Begin XCRemoteSwiftPackageReference section */
		D4D00A992AEA681000409A8D /* XCRemoteSwiftPackageReference "Moya" */ = {
			isa = XCRemoteSwiftPackageReference;
			repositoryURL = "https://github.com/Moya/Moya.git";
			requirement = {
				kind = upToNextMajorVersion;
				minimumVersion = 15.0.3;
			};
		};
		D4D00A9A2AEA681800409A8D /* XCRemoteSwiftPackageReference "Kingfisher" */ = {
			isa = XCRemoteSwiftPackageReference;
			repositoryURL = "https://github.com/onevcat/Kingfisher.git";
			requirement = {
				kind = upToNextMajorVersion;
				minimumVersion = 7.9.1;
			};
		};
/* End XCRemoteSwiftPackageReference section */

/* Begin XCSwiftPackageProductDependency section */
		D450E8182AEC4F9500FD1861 /* Model */ = {
			isa = XCSwiftPackageProductDependency;
			productName = Model;
		};
		D48AEBE12B0A993300DA6FCD /* Defaults */ = {
			isa = XCSwiftPackageProductDependency;
			productName = Defaults;
		};
		D4D00A9B2AEA681800409A8D /* Kingfisher */ = {
			isa = XCSwiftPackageProductDependency;
			package = D4D00A9A2AEA681800409A8D /* XCRemoteSwiftPackageReference "Kingfisher" */;
			productName = Kingfisher;
		};
		D4D00A9E2AEA682400409A8D /* Moya */ = {
			isa = XCSwiftPackageProductDependency;
			package = D4D00A992AEA681000409A8D /* XCRemoteSwiftPackageReference "Moya" */;
			productName = Moya;
		};
		D4DBFBFB2B00C4A800D3C8B2 /* API */ = {
			isa = XCSwiftPackageProductDependency;
			productName = API;
		};
/* End XCSwiftPackageProductDependency section */
	};
	rootObject = D4D00A5F2AEA612300409A8D /* Project object */;
}
