// !$*UTF8*$!
{
	archiveVersion = 1;
	classes = {
	};
	objectVersion = 56;
	objects = {

/* Begin PBXBuildFile section */
		D405C5592B4738D5007BA702 /* UI in Resources */ = {isa = PBXBuildFile; fileRef = D405C5582B4738D5007BA702 /* UI */; };
		D405C55A2B4738D5007BA702 /* UI in Resources */ = {isa = PBXBuildFile; fileRef = D405C5582B4738D5007BA702 /* UI */; };
		D405C5652B473966007BA702 /* PokemonListRowView.swift in Sources */ = {isa = PBXBuildFile; fileRef = D405C5622B473966007BA702 /* PokemonListRowView.swift */; };
		D405C5662B473966007BA702 /* PokemonListView.swift in Sources */ = {isa = PBXBuildFile; fileRef = D405C5632B473966007BA702 /* PokemonListView.swift */; };
		D405C5672B473966007BA702 /* PokemonListLoadingView.swift in Sources */ = {isa = PBXBuildFile; fileRef = D405C5642B473966007BA702 /* PokemonListLoadingView.swift */; };
		D405C5692B473A2E007BA702 /* UI in Frameworks */ = {isa = PBXBuildFile; productRef = D405C5682B473A2E007BA702 /* UI */; };
		D412EF3B2B205AAC003CCB49 /* SettingsSelectionView.swift in Sources */ = {isa = PBXBuildFile; fileRef = D412EF3A2B205AAC003CCB49 /* SettingsSelectionView.swift */; };
		D45AF6822B460CF200F24185 /* SheetDestination.swift in Sources */ = {isa = PBXBuildFile; fileRef = D45AF6812B460CF200F24185 /* SheetDestination.swift */; };
		D460F8152B44BBD30073F9E4 /* PokedexApp.swift in Sources */ = {isa = PBXBuildFile; fileRef = D460F8142B44BBD20073F9E4 /* PokedexApp.swift */; };
		D460F8192B44BBD30073F9E4 /* Assets.xcassets in Resources */ = {isa = PBXBuildFile; fileRef = D460F8182B44BBD30073F9E4 /* Assets.xcassets */; };
		D460F81C2B44BBD30073F9E4 /* Preview Assets.xcassets in Resources */ = {isa = PBXBuildFile; fileRef = D460F81B2B44BBD30073F9E4 /* Preview Assets.xcassets */; };
		D47E77AE2B1F897D00D00AB0 /* SettingsRowView~default.swift in Sources */ = {isa = PBXBuildFile; fileRef = D47E77AD2B1F897D00D00AB0 /* SettingsRowView~default.swift */; };
		D47E77B02B1F898400D00AB0 /* SettingsRowView~tvOS.swift in Sources */ = {isa = PBXBuildFile; fileRef = D47E77AF2B1F898400D00AB0 /* SettingsRowView~tvOS.swift */; };
		D48D29312B1A2EB30066A5FD /* SettingsRowView.swift in Sources */ = {isa = PBXBuildFile; fileRef = D48D29302B1A2EB30066A5FD /* SettingsRowView.swift */; };
		D48D293A2B1A42F20066A5FD /* PokedexNavigationView.swift in Sources */ = {isa = PBXBuildFile; fileRef = D48D29392B1A42F20066A5FD /* PokedexNavigationView.swift */; };
		D49A6FD82B1517BB0071A716 /* UI in Frameworks */ = {isa = PBXBuildFile; productRef = D49A6FD72B1517BB0071A716 /* UI */; };
		D49A6FDA2B1518200071A716 /* Mock in Frameworks */ = {isa = PBXBuildFile; productRef = D49A6FD92B1518200071A716 /* Mock */; };
		D49B16192B2504C1008198ED /* Strings.swift in Sources */ = {isa = PBXBuildFile; fileRef = D49B16182B2504C1008198ED /* Strings.swift */; };
		D49B165D2B25120C008198ED /* SystemImage.swift in Sources */ = {isa = PBXBuildFile; fileRef = D49B165C2B25120C008198ED /* SystemImage.swift */; };
		D49B16662B2521F0008198ED /* Localizable.strings in Resources */ = {isa = PBXBuildFile; fileRef = D49B16682B2521F0008198ED /* Localizable.strings */; };
		D4B3D4AA2B18E3FE00C53E11 /* SettingsView.swift in Sources */ = {isa = PBXBuildFile; fileRef = D4B3D4A92B18E3FE00C53E11 /* SettingsView.swift */; };
		D4BD15C52B26634D00A11750 /* Error in Frameworks */ = {isa = PBXBuildFile; productRef = D4BD15C42B26634D00A11750 /* Error */; };
		D4C7B1EC2B4545CA0034121A /* Defaults in Frameworks */ = {isa = PBXBuildFile; productRef = D4C7B1EB2B4545CA0034121A /* Defaults */; };
		D4C7B1EE2B4545CA0034121A /* Error in Frameworks */ = {isa = PBXBuildFile; productRef = D4C7B1ED2B4545CA0034121A /* Error */; };
		D4C7B1F02B4545CA0034121A /* Mock in Frameworks */ = {isa = PBXBuildFile; productRef = D4C7B1EF2B4545CA0034121A /* Mock */; };
		D4C7B1F22B4545CA0034121A /* Model in Frameworks */ = {isa = PBXBuildFile; productRef = D4C7B1F12B4545CA0034121A /* Model */; };
		D4C7B21F2B45574C0034121A /* MainView.swift in Sources */ = {isa = PBXBuildFile; fileRef = D4C7B1F82B4546AA0034121A /* MainView.swift */; };
		D4C7B2232B4557FE0034121A /* PokedexNavigationView.swift in Sources */ = {isa = PBXBuildFile; fileRef = D4C7B2222B4557FE0034121A /* PokedexNavigationView.swift */; };
		D4C7B2282B45592D0034121A /* PokedexListView.swift in Sources */ = {isa = PBXBuildFile; fileRef = D4C7B2272B45592D0034121A /* PokedexListView.swift */; };
		D4C7B22B2B4559B80034121A /* SettingsView.swift in Sources */ = {isa = PBXBuildFile; fileRef = D4C7B22A2B4559B80034121A /* SettingsView.swift */; };
		D4D00A6B2AEA612300409A8D /* PokedexApp.swift in Sources */ = {isa = PBXBuildFile; fileRef = D4D00A6A2AEA612300409A8D /* PokedexApp.swift */; };
		D4D00A6D2AEA612300409A8D /* ContentView.swift in Sources */ = {isa = PBXBuildFile; fileRef = D4D00A6C2AEA612300409A8D /* ContentView.swift */; };
		D4D00A6F2AEA612300409A8D /* Item.swift in Sources */ = {isa = PBXBuildFile; fileRef = D4D00A6E2AEA612300409A8D /* Item.swift */; };
		D4D00A712AEA612500409A8D /* Assets.xcassets in Resources */ = {isa = PBXBuildFile; fileRef = D4D00A702AEA612500409A8D /* Assets.xcassets */; };
		D4D00A752AEA612500409A8D /* Preview Assets.xcassets in Resources */ = {isa = PBXBuildFile; fileRef = D4D00A742AEA612500409A8D /* Preview Assets.xcassets */; };
		D4E232FF2B17248F00077490 /* MainView.swift in Sources */ = {isa = PBXBuildFile; fileRef = D4E232FE2B17248F00077490 /* MainView.swift */; };
		D4EBBC732B459D540045BD54 /* WatchAPI in Frameworks */ = {isa = PBXBuildFile; productRef = D4EBBC722B459D540045BD54 /* WatchAPI */; };
		D4EBBD112B45B3970045BD54 /* Localizable.strings in Resources */ = {isa = PBXBuildFile; fileRef = D4EBBD132B45B3970045BD54 /* Localizable.strings */; };
		D4EBBD162B45B3C20045BD54 /* Strings.swift in Sources */ = {isa = PBXBuildFile; fileRef = D4EBBD152B45B3C20045BD54 /* Strings.swift */; };
		D4EBBD182B45B50D0045BD54 /* SettingsNavigationView.swift in Sources */ = {isa = PBXBuildFile; fileRef = D4EBBD172B45B50D0045BD54 /* SettingsNavigationView.swift */; };
		D4EBBD1A2B45B6E10045BD54 /* SettingsSelectionView.swift in Sources */ = {isa = PBXBuildFile; fileRef = D4EBBD192B45B6E10045BD54 /* SettingsSelectionView.swift */; };
		D4EBBD242B45C2940045BD54 /* PokedexListRowView.swift in Sources */ = {isa = PBXBuildFile; fileRef = D4EBBD232B45C2940045BD54 /* PokedexListRowView.swift */; };
		D4EBBD262B45C4D00045BD54 /* Kingfisher in Frameworks */ = {isa = PBXBuildFile; productRef = D4EBBD252B45C4D00045BD54 /* Kingfisher */; };
		D4ED17E92B48445C0097CF45 /* PokedexApp.swift in Sources */ = {isa = PBXBuildFile; fileRef = D4ED17E82B48445C0097CF45 /* PokedexApp.swift */; };
		D4ED17ED2B48445C0097CF45 /* Assets.xcassets in Resources */ = {isa = PBXBuildFile; fileRef = D4ED17EC2B48445C0097CF45 /* Assets.xcassets */; };
		D4ED17F12B48445C0097CF45 /* Preview Assets.xcassets in Resources */ = {isa = PBXBuildFile; fileRef = D4ED17F02B48445C0097CF45 /* Preview Assets.xcassets */; };
		D4ED18022B4844940097CF45 /* PokedexApp.swift in Sources */ = {isa = PBXBuildFile; fileRef = D4ED18012B4844940097CF45 /* PokedexApp.swift */; };
		D4ED18062B4844950097CF45 /* Assets.xcassets in Resources */ = {isa = PBXBuildFile; fileRef = D4ED18052B4844950097CF45 /* Assets.xcassets */; };
		D4ED18092B4844950097CF45 /* Preview Assets.xcassets in Resources */ = {isa = PBXBuildFile; fileRef = D4ED18082B4844950097CF45 /* Preview Assets.xcassets */; };
		D4ED18122B4844E60097CF45 /* API in Frameworks */ = {isa = PBXBuildFile; productRef = D4ED18112B4844E60097CF45 /* API */; };
		D4ED18142B4844EA0097CF45 /* Defaults in Frameworks */ = {isa = PBXBuildFile; productRef = D4ED18132B4844EA0097CF45 /* Defaults */; };
		D4ED18162B4844F10097CF45 /* Error in Frameworks */ = {isa = PBXBuildFile; productRef = D4ED18152B4844F10097CF45 /* Error */; };
		D4ED18182B4844F50097CF45 /* Mock in Frameworks */ = {isa = PBXBuildFile; productRef = D4ED18172B4844F50097CF45 /* Mock */; };
		D4ED181A2B4844F50097CF45 /* Model in Frameworks */ = {isa = PBXBuildFile; productRef = D4ED18192B4844F50097CF45 /* Model */; };
		D4ED181C2B4844FC0097CF45 /* Navigation in Frameworks */ = {isa = PBXBuildFile; productRef = D4ED181B2B4844FC0097CF45 /* Navigation */; };
		D4ED181E2B4844FC0097CF45 /* UI in Frameworks */ = {isa = PBXBuildFile; productRef = D4ED181D2B4844FC0097CF45 /* UI */; };
		D4ED18202B4845220097CF45 /* Defaults in Frameworks */ = {isa = PBXBuildFile; productRef = D4ED181F2B4845220097CF45 /* Defaults */; };
		D4ED18222B4845220097CF45 /* Error in Frameworks */ = {isa = PBXBuildFile; productRef = D4ED18212B4845220097CF45 /* Error */; };
		D4ED18242B4845220097CF45 /* Mock in Frameworks */ = {isa = PBXBuildFile; productRef = D4ED18232B4845220097CF45 /* Mock */; };
		D4ED18262B4845220097CF45 /* Kingfisher in Frameworks */ = {isa = PBXBuildFile; productRef = D4ED18252B4845220097CF45 /* Kingfisher */; };
		D4ED18282B48452C0097CF45 /* Model in Frameworks */ = {isa = PBXBuildFile; productRef = D4ED18272B48452C0097CF45 /* Model */; };
		D4ED182A2B48452C0097CF45 /* UI in Frameworks */ = {isa = PBXBuildFile; productRef = D4ED18292B48452C0097CF45 /* UI */; };
		D4ED182C2B48452C0097CF45 /* WatchAPI in Frameworks */ = {isa = PBXBuildFile; productRef = D4ED182B2B48452C0097CF45 /* WatchAPI */; };
		D4ED18302B4847100097CF45 /* SystemImage.swift in Sources */ = {isa = PBXBuildFile; fileRef = D4ED182E2B4847100097CF45 /* SystemImage.swift */; };
		D4ED18312B4847100097CF45 /* Strings.swift in Sources */ = {isa = PBXBuildFile; fileRef = D4ED182F2B4847100097CF45 /* Strings.swift */; };
		D4ED18362B48477D0097CF45 /* Localizable.strings in Resources */ = {isa = PBXBuildFile; fileRef = D4ED18382B48477D0097CF45 /* Localizable.strings */; };
		D4ED184F2B4847F20097CF45 /* MainView.swift in Sources */ = {isa = PBXBuildFile; fileRef = D4ED183F2B4847F10097CF45 /* MainView.swift */; };
		D4ED18502B4847F20097CF45 /* PokedexNavigationView.swift in Sources */ = {isa = PBXBuildFile; fileRef = D4ED18412B4847F10097CF45 /* PokedexNavigationView.swift */; };
		D4ED18512B4847F20097CF45 /* SettingsRowView~tvOS.swift in Sources */ = {isa = PBXBuildFile; fileRef = D4ED18442B4847F10097CF45 /* SettingsRowView~tvOS.swift */; };
		D4ED18522B4847F20097CF45 /* SettingsRowView.swift in Sources */ = {isa = PBXBuildFile; fileRef = D4ED18452B4847F10097CF45 /* SettingsRowView.swift */; };
		D4ED18532B4847F20097CF45 /* SettingsRowView~default.swift in Sources */ = {isa = PBXBuildFile; fileRef = D4ED18462B4847F10097CF45 /* SettingsRowView~default.swift */; };
		D4ED18542B4847F20097CF45 /* SettingsView.swift in Sources */ = {isa = PBXBuildFile; fileRef = D4ED18482B4847F10097CF45 /* SettingsView.swift */; };
		D4ED18552B4847F20097CF45 /* SettingsSelectionView.swift in Sources */ = {isa = PBXBuildFile; fileRef = D4ED184A2B4847F10097CF45 /* SettingsSelectionView.swift */; };
		D4ED18562B4847F20097CF45 /* PokemonListView.swift in Sources */ = {isa = PBXBuildFile; fileRef = D4ED184C2B4847F20097CF45 /* PokemonListView.swift */; };
		D4ED18572B4847F20097CF45 /* PokemonListLoadingView.swift in Sources */ = {isa = PBXBuildFile; fileRef = D4ED184D2B4847F20097CF45 /* PokemonListLoadingView.swift */; };
		D4ED18582B4847F20097CF45 /* PokemonListRowView.swift in Sources */ = {isa = PBXBuildFile; fileRef = D4ED184E2B4847F20097CF45 /* PokemonListRowView.swift */; };
		D4ED185B2B4849B50097CF45 /* MainViewModel.swift in Sources */ = {isa = PBXBuildFile; fileRef = D4ED185A2B4849B50097CF45 /* MainViewModel.swift */; };
		D4ED185E2B484EAC0097CF45 /* PokedexNavigationViewModel.swift in Sources */ = {isa = PBXBuildFile; fileRef = D4ED185D2B484EAC0097CF45 /* PokedexNavigationViewModel.swift */; };
		D4ED18612B4850620097CF45 /* PokemonListViewModel.swift in Sources */ = {isa = PBXBuildFile; fileRef = D4ED18602B4850620097CF45 /* PokemonListViewModel.swift */; };
		D4ED18632B4852ED0097CF45 /* PokemonListViewModel~tvOS.swift in Sources */ = {isa = PBXBuildFile; fileRef = D4ED18622B4852ED0097CF45 /* PokemonListViewModel~tvOS.swift */; };
		D4ED18652B4854CF0097CF45 /* PokemonListRowViewModel.swift in Sources */ = {isa = PBXBuildFile; fileRef = D4ED18642B4854CF0097CF45 /* PokemonListRowViewModel.swift */; };
		D4ED186D2B4858710097CF45 /* SheetDestination.swift in Sources */ = {isa = PBXBuildFile; fileRef = D4ED186B2B4858710097CF45 /* SheetDestination.swift */; };
		D4ED186E2B4858710097CF45 /* Strings.swift in Sources */ = {isa = PBXBuildFile; fileRef = D4ED186C2B4858710097CF45 /* Strings.swift */; };
		D4ED18732B4858E50097CF45 /* Localizable.strings in Resources */ = {isa = PBXBuildFile; fileRef = D4ED18702B4858E50097CF45 /* Localizable.strings */; };
		D4ED187F2B4859140097CF45 /* PokedexListView.swift in Sources */ = {isa = PBXBuildFile; fileRef = D4ED18752B4859140097CF45 /* PokedexListView.swift */; };
		D4ED18802B4859140097CF45 /* PokedexListRowView.swift in Sources */ = {isa = PBXBuildFile; fileRef = D4ED18762B4859140097CF45 /* PokedexListRowView.swift */; };
		D4ED18812B4859140097CF45 /* MainView.swift in Sources */ = {isa = PBXBuildFile; fileRef = D4ED18782B4859140097CF45 /* MainView.swift */; };
		D4ED18822B4859140097CF45 /* SettingsView.swift in Sources */ = {isa = PBXBuildFile; fileRef = D4ED187A2B4859140097CF45 /* SettingsView.swift */; };
		D4ED18832B4859140097CF45 /* SettingsNavigationView.swift in Sources */ = {isa = PBXBuildFile; fileRef = D4ED187B2B4859140097CF45 /* SettingsNavigationView.swift */; };
		D4ED18842B4859140097CF45 /* SettingsSelectionView.swift in Sources */ = {isa = PBXBuildFile; fileRef = D4ED187C2B4859140097CF45 /* SettingsSelectionView.swift */; };
		D4ED18852B4859140097CF45 /* PokedexNavigationView.swift in Sources */ = {isa = PBXBuildFile; fileRef = D4ED187E2B4859140097CF45 /* PokedexNavigationView.swift */; };
		D4ED18892B4859620097CF45 /* MainViewModel.swift in Sources */ = {isa = PBXBuildFile; fileRef = D4ED18882B4859620097CF45 /* MainViewModel.swift */; };
		D4ED188C2B485ABF0097CF45 /* PokedexNavigationViewModel.swift in Sources */ = {isa = PBXBuildFile; fileRef = D4ED188B2B485ABF0097CF45 /* PokedexNavigationViewModel.swift */; };
		D4ED188F2B485B8B0097CF45 /* PokedexListRowViewModel.swift in Sources */ = {isa = PBXBuildFile; fileRef = D4ED188E2B485B8B0097CF45 /* PokedexListRowViewModel.swift */; };
		D4ED18912B485D0F0097CF45 /* PokedexListViewModel.swift in Sources */ = {isa = PBXBuildFile; fileRef = D4ED18902B485D0F0097CF45 /* PokedexListViewModel.swift */; };
		D4ED18942B485E970097CF45 /* SettingsNavigationViewModel.swift in Sources */ = {isa = PBXBuildFile; fileRef = D4ED18932B485E970097CF45 /* SettingsNavigationViewModel.swift */; };
		D4F1E4C12B0F9F4500A7FA53 /* Provider in Resources */ = {isa = PBXBuildFile; fileRef = D4F1E4BB2B0F9F4500A7FA53 /* Provider */; };
		D4F1E4C22B0F9F4500A7FA53 /* API in Resources */ = {isa = PBXBuildFile; fileRef = D4F1E4BC2B0F9F4500A7FA53 /* API */; };
		D4F1E4C32B0F9F4500A7FA53 /* Mapper in Resources */ = {isa = PBXBuildFile; fileRef = D4F1E4BD2B0F9F4500A7FA53 /* Mapper */; };
		D4F1E4C42B0F9F4500A7FA53 /* Navigation in Resources */ = {isa = PBXBuildFile; fileRef = D4F1E4BE2B0F9F4500A7FA53 /* Navigation */; };
		D4F1E4C52B0F9F4500A7FA53 /* Defaults in Resources */ = {isa = PBXBuildFile; fileRef = D4F1E4BF2B0F9F4500A7FA53 /* Defaults */; };
		D4F1E4C62B0F9F4500A7FA53 /* Model in Resources */ = {isa = PBXBuildFile; fileRef = D4F1E4C02B0F9F4500A7FA53 /* Model */; };
		D4F1E4C82B0FA89800A7FA53 /* API in Frameworks */ = {isa = PBXBuildFile; productRef = D4F1E4C72B0FA89800A7FA53 /* API */; };
		D4F1E4CA2B0FA89800A7FA53 /* Defaults in Frameworks */ = {isa = PBXBuildFile; productRef = D4F1E4C92B0FA89800A7FA53 /* Defaults */; };
		D4F1E4CC2B0FA89800A7FA53 /* Model in Frameworks */ = {isa = PBXBuildFile; productRef = D4F1E4CB2B0FA89800A7FA53 /* Model */; };
		D4F1E4CE2B0FA89800A7FA53 /* Navigation in Frameworks */ = {isa = PBXBuildFile; productRef = D4F1E4CD2B0FA89800A7FA53 /* Navigation */; };
/* End PBXBuildFile section */

/* Begin PBXFileReference section */
		D405C5582B4738D5007BA702 /* UI */ = {isa = PBXFileReference; lastKnownFileType = wrapper; path = UI; sourceTree = "<group>"; };
		D405C5622B473966007BA702 /* PokemonListRowView.swift */ = {isa = PBXFileReference; fileEncoding = 4; lastKnownFileType = sourcecode.swift; path = PokemonListRowView.swift; sourceTree = "<group>"; };
		D405C5632B473966007BA702 /* PokemonListView.swift */ = {isa = PBXFileReference; fileEncoding = 4; lastKnownFileType = sourcecode.swift; path = PokemonListView.swift; sourceTree = "<group>"; };
		D405C5642B473966007BA702 /* PokemonListLoadingView.swift */ = {isa = PBXFileReference; fileEncoding = 4; lastKnownFileType = sourcecode.swift; path = PokemonListLoadingView.swift; sourceTree = "<group>"; };
		D412EF3A2B205AAC003CCB49 /* SettingsSelectionView.swift */ = {isa = PBXFileReference; lastKnownFileType = sourcecode.swift; path = SettingsSelectionView.swift; sourceTree = "<group>"; };
		D453A8EA2B101A0B00614CEE /* Mock */ = {isa = PBXFileReference; lastKnownFileType = wrapper; path = Mock; sourceTree = "<group>"; };
		D45AF6812B460CF200F24185 /* SheetDestination.swift */ = {isa = PBXFileReference; lastKnownFileType = sourcecode.swift; path = SheetDestination.swift; sourceTree = "<group>"; };
		D460F80F2B44BBD20073F9E4 /* Pokédex.app */ = {isa = PBXFileReference; explicitFileType = wrapper.application; includeInIndex = 0; path = "Pokédex.app"; sourceTree = BUILT_PRODUCTS_DIR; };
		D460F8142B44BBD20073F9E4 /* PokedexApp.swift */ = {isa = PBXFileReference; lastKnownFileType = sourcecode.swift; path = PokedexApp.swift; sourceTree = "<group>"; };
		D460F8182B44BBD30073F9E4 /* Assets.xcassets */ = {isa = PBXFileReference; lastKnownFileType = folder.assetcatalog; path = Assets.xcassets; sourceTree = "<group>"; };
		D460F81B2B44BBD30073F9E4 /* Preview Assets.xcassets */ = {isa = PBXFileReference; lastKnownFileType = folder.assetcatalog; path = "Preview Assets.xcassets"; sourceTree = "<group>"; };
		D47E77AD2B1F897D00D00AB0 /* SettingsRowView~default.swift */ = {isa = PBXFileReference; lastKnownFileType = sourcecode.swift; path = "SettingsRowView~default.swift"; sourceTree = "<group>"; };
		D47E77AF2B1F898400D00AB0 /* SettingsRowView~tvOS.swift */ = {isa = PBXFileReference; lastKnownFileType = sourcecode.swift; path = "SettingsRowView~tvOS.swift"; sourceTree = "<group>"; };
		D48D29302B1A2EB30066A5FD /* SettingsRowView.swift */ = {isa = PBXFileReference; lastKnownFileType = sourcecode.swift; path = SettingsRowView.swift; sourceTree = "<group>"; };
		D48D29392B1A42F20066A5FD /* PokedexNavigationView.swift */ = {isa = PBXFileReference; lastKnownFileType = sourcecode.swift; path = PokedexNavigationView.swift; sourceTree = "<group>"; };
		D49B16182B2504C1008198ED /* Strings.swift */ = {isa = PBXFileReference; lastKnownFileType = sourcecode.swift; path = Strings.swift; sourceTree = "<group>"; };
		D49B165C2B25120C008198ED /* SystemImage.swift */ = {isa = PBXFileReference; lastKnownFileType = sourcecode.swift; path = SystemImage.swift; sourceTree = "<group>"; };
		D49B16672B2521F0008198ED /* en */ = {isa = PBXFileReference; lastKnownFileType = text.plist.strings; name = en; path = en.lproj/Localizable.strings; sourceTree = "<group>"; };
		D49B16692B2521F7008198ED /* fr */ = {isa = PBXFileReference; lastKnownFileType = text.plist.strings; name = fr; path = fr.lproj/Localizable.strings; sourceTree = "<group>"; };
		D4B3D4A92B18E3FE00C53E11 /* SettingsView.swift */ = {isa = PBXFileReference; lastKnownFileType = sourcecode.swift; path = SettingsView.swift; sourceTree = "<group>"; };
		D4BD15C32B2661C000A11750 /* Error */ = {isa = PBXFileReference; lastKnownFileType = wrapper; path = Error; sourceTree = "<group>"; };
		D4C7B1F82B4546AA0034121A /* MainView.swift */ = {isa = PBXFileReference; lastKnownFileType = sourcecode.swift; path = MainView.swift; sourceTree = "<group>"; };
		D4C7B2222B4557FE0034121A /* PokedexNavigationView.swift */ = {isa = PBXFileReference; lastKnownFileType = sourcecode.swift; path = PokedexNavigationView.swift; sourceTree = "<group>"; };
		D4C7B2272B45592D0034121A /* PokedexListView.swift */ = {isa = PBXFileReference; lastKnownFileType = sourcecode.swift; path = PokedexListView.swift; sourceTree = "<group>"; };
		D4C7B22A2B4559B80034121A /* SettingsView.swift */ = {isa = PBXFileReference; lastKnownFileType = sourcecode.swift; path = SettingsView.swift; sourceTree = "<group>"; };
		D4C7B22F2B455CB70034121A /* SwiftUI-Pokedex-Watch-MV-Watch-App-Info.plist */ = {isa = PBXFileReference; lastKnownFileType = text.plist; path = "SwiftUI-Pokedex-Watch-MV-Watch-App-Info.plist"; sourceTree = "<group>"; };
		D4D00A672AEA612300409A8D /* SwiftUI-Pokedex-MV.app */ = {isa = PBXFileReference; explicitFileType = wrapper.application; includeInIndex = 0; path = "SwiftUI-Pokedex-MV.app"; sourceTree = BUILT_PRODUCTS_DIR; };
		D4D00A6A2AEA612300409A8D /* PokedexApp.swift */ = {isa = PBXFileReference; lastKnownFileType = sourcecode.swift; path = PokedexApp.swift; sourceTree = "<group>"; };
		D4D00A6C2AEA612300409A8D /* ContentView.swift */ = {isa = PBXFileReference; lastKnownFileType = sourcecode.swift; path = ContentView.swift; sourceTree = "<group>"; };
		D4D00A6E2AEA612300409A8D /* Item.swift */ = {isa = PBXFileReference; lastKnownFileType = sourcecode.swift; path = Item.swift; sourceTree = "<group>"; };
		D4D00A702AEA612500409A8D /* Assets.xcassets */ = {isa = PBXFileReference; lastKnownFileType = folder.assetcatalog; path = Assets.xcassets; sourceTree = "<group>"; };
		D4D00A722AEA612500409A8D /* Pokedex.entitlements */ = {isa = PBXFileReference; lastKnownFileType = text.plist.entitlements; path = Pokedex.entitlements; sourceTree = "<group>"; };
		D4D00A742AEA612500409A8D /* Preview Assets.xcassets */ = {isa = PBXFileReference; lastKnownFileType = folder.assetcatalog; path = "Preview Assets.xcassets"; sourceTree = "<group>"; };
		D4D00A972AEA646B00409A8D /* README.md */ = {isa = PBXFileReference; fileEncoding = 4; lastKnownFileType = net.daringfireball.markdown; path = README.md; sourceTree = "<group>"; };
		D4E232FE2B17248F00077490 /* MainView.swift */ = {isa = PBXFileReference; lastKnownFileType = sourcecode.swift; path = MainView.swift; sourceTree = "<group>"; };
		D4EBBC712B459B120045BD54 /* WatchAPI */ = {isa = PBXFileReference; lastKnownFileType = wrapper; path = WatchAPI; sourceTree = "<group>"; };
		D4EBBD122B45B3970045BD54 /* en */ = {isa = PBXFileReference; lastKnownFileType = text.plist.strings; name = en; path = en.lproj/Localizable.strings; sourceTree = "<group>"; };
		D4EBBD142B45B3990045BD54 /* fr */ = {isa = PBXFileReference; lastKnownFileType = text.plist.strings; name = fr; path = fr.lproj/Localizable.strings; sourceTree = "<group>"; };
		D4EBBD152B45B3C20045BD54 /* Strings.swift */ = {isa = PBXFileReference; lastKnownFileType = sourcecode.swift; path = Strings.swift; sourceTree = "<group>"; };
		D4EBBD172B45B50D0045BD54 /* SettingsNavigationView.swift */ = {isa = PBXFileReference; lastKnownFileType = sourcecode.swift; path = SettingsNavigationView.swift; sourceTree = "<group>"; };
		D4EBBD192B45B6E10045BD54 /* SettingsSelectionView.swift */ = {isa = PBXFileReference; lastKnownFileType = sourcecode.swift; path = SettingsSelectionView.swift; sourceTree = "<group>"; };
		D4EBBD232B45C2940045BD54 /* PokedexListRowView.swift */ = {isa = PBXFileReference; lastKnownFileType = sourcecode.swift; path = PokedexListRowView.swift; sourceTree = "<group>"; };
		D4ED17E62B48445C0097CF45 /* SwiftUI-Pokedex-MVVM.app */ = {isa = PBXFileReference; explicitFileType = wrapper.application; includeInIndex = 0; path = "SwiftUI-Pokedex-MVVM.app"; sourceTree = BUILT_PRODUCTS_DIR; };
		D4ED17E82B48445C0097CF45 /* PokedexApp.swift */ = {isa = PBXFileReference; lastKnownFileType = sourcecode.swift; path = PokedexApp.swift; sourceTree = "<group>"; };
		D4ED17EC2B48445C0097CF45 /* Assets.xcassets */ = {isa = PBXFileReference; lastKnownFileType = folder.assetcatalog; path = Assets.xcassets; sourceTree = "<group>"; };
		D4ED17EE2B48445C0097CF45 /* Pokedex.entitlements */ = {isa = PBXFileReference; lastKnownFileType = text.plist.entitlements; path = Pokedex.entitlements; sourceTree = "<group>"; };
		D4ED17F02B48445C0097CF45 /* Preview Assets.xcassets */ = {isa = PBXFileReference; lastKnownFileType = folder.assetcatalog; path = "Preview Assets.xcassets"; sourceTree = "<group>"; };
		D4ED17FC2B4844940097CF45 /* MVVM.app */ = {isa = PBXFileReference; explicitFileType = wrapper.application; includeInIndex = 0; path = MVVM.app; sourceTree = BUILT_PRODUCTS_DIR; };
		D4ED18012B4844940097CF45 /* PokedexApp.swift */ = {isa = PBXFileReference; lastKnownFileType = sourcecode.swift; path = PokedexApp.swift; sourceTree = "<group>"; };
		D4ED18052B4844950097CF45 /* Assets.xcassets */ = {isa = PBXFileReference; lastKnownFileType = folder.assetcatalog; path = Assets.xcassets; sourceTree = "<group>"; };
		D4ED18082B4844950097CF45 /* Preview Assets.xcassets */ = {isa = PBXFileReference; lastKnownFileType = folder.assetcatalog; path = "Preview Assets.xcassets"; sourceTree = "<group>"; };
		D4ED182E2B4847100097CF45 /* SystemImage.swift */ = {isa = PBXFileReference; fileEncoding = 4; lastKnownFileType = sourcecode.swift; path = SystemImage.swift; sourceTree = "<group>"; };
		D4ED182F2B4847100097CF45 /* Strings.swift */ = {isa = PBXFileReference; fileEncoding = 4; lastKnownFileType = sourcecode.swift; path = Strings.swift; sourceTree = "<group>"; };
		D4ED18372B48477D0097CF45 /* en */ = {isa = PBXFileReference; lastKnownFileType = text.plist.strings; name = en; path = en.lproj/Localizable.strings; sourceTree = "<group>"; };
		D4ED18392B48477F0097CF45 /* fr */ = {isa = PBXFileReference; lastKnownFileType = text.plist.strings; name = fr; path = fr.lproj/Localizable.strings; sourceTree = "<group>"; };
		D4ED183F2B4847F10097CF45 /* MainView.swift */ = {isa = PBXFileReference; fileEncoding = 4; lastKnownFileType = sourcecode.swift; path = MainView.swift; sourceTree = "<group>"; };
		D4ED18412B4847F10097CF45 /* PokedexNavigationView.swift */ = {isa = PBXFileReference; fileEncoding = 4; lastKnownFileType = sourcecode.swift; path = PokedexNavigationView.swift; sourceTree = "<group>"; };
		D4ED18442B4847F10097CF45 /* SettingsRowView~tvOS.swift */ = {isa = PBXFileReference; fileEncoding = 4; lastKnownFileType = sourcecode.swift; path = "SettingsRowView~tvOS.swift"; sourceTree = "<group>"; };
		D4ED18452B4847F10097CF45 /* SettingsRowView.swift */ = {isa = PBXFileReference; fileEncoding = 4; lastKnownFileType = sourcecode.swift; path = SettingsRowView.swift; sourceTree = "<group>"; };
		D4ED18462B4847F10097CF45 /* SettingsRowView~default.swift */ = {isa = PBXFileReference; fileEncoding = 4; lastKnownFileType = sourcecode.swift; path = "SettingsRowView~default.swift"; sourceTree = "<group>"; };
		D4ED18482B4847F10097CF45 /* SettingsView.swift */ = {isa = PBXFileReference; fileEncoding = 4; lastKnownFileType = sourcecode.swift; path = SettingsView.swift; sourceTree = "<group>"; };
		D4ED184A2B4847F10097CF45 /* SettingsSelectionView.swift */ = {isa = PBXFileReference; fileEncoding = 4; lastKnownFileType = sourcecode.swift; path = SettingsSelectionView.swift; sourceTree = "<group>"; };
		D4ED184C2B4847F20097CF45 /* PokemonListView.swift */ = {isa = PBXFileReference; fileEncoding = 4; lastKnownFileType = sourcecode.swift; path = PokemonListView.swift; sourceTree = "<group>"; };
		D4ED184D2B4847F20097CF45 /* PokemonListLoadingView.swift */ = {isa = PBXFileReference; fileEncoding = 4; lastKnownFileType = sourcecode.swift; path = PokemonListLoadingView.swift; sourceTree = "<group>"; };
		D4ED184E2B4847F20097CF45 /* PokemonListRowView.swift */ = {isa = PBXFileReference; fileEncoding = 4; lastKnownFileType = sourcecode.swift; path = PokemonListRowView.swift; sourceTree = "<group>"; };
		D4ED185A2B4849B50097CF45 /* MainViewModel.swift */ = {isa = PBXFileReference; lastKnownFileType = sourcecode.swift; path = MainViewModel.swift; sourceTree = "<group>"; };
		D4ED185D2B484EAC0097CF45 /* PokedexNavigationViewModel.swift */ = {isa = PBXFileReference; lastKnownFileType = sourcecode.swift; path = PokedexNavigationViewModel.swift; sourceTree = "<group>"; };
		D4ED18602B4850620097CF45 /* PokemonListViewModel.swift */ = {isa = PBXFileReference; lastKnownFileType = sourcecode.swift; path = PokemonListViewModel.swift; sourceTree = "<group>"; };
		D4ED18622B4852ED0097CF45 /* PokemonListViewModel~tvOS.swift */ = {isa = PBXFileReference; lastKnownFileType = sourcecode.swift; path = "PokemonListViewModel~tvOS.swift"; sourceTree = "<group>"; };
		D4ED18642B4854CF0097CF45 /* PokemonListRowViewModel.swift */ = {isa = PBXFileReference; lastKnownFileType = sourcecode.swift; path = PokemonListRowViewModel.swift; sourceTree = "<group>"; };
		D4ED186B2B4858710097CF45 /* SheetDestination.swift */ = {isa = PBXFileReference; fileEncoding = 4; lastKnownFileType = sourcecode.swift; path = SheetDestination.swift; sourceTree = "<group>"; };
		D4ED186C2B4858710097CF45 /* Strings.swift */ = {isa = PBXFileReference; fileEncoding = 4; lastKnownFileType = sourcecode.swift; path = Strings.swift; sourceTree = "<group>"; };
		D4ED18712B4858E50097CF45 /* en */ = {isa = PBXFileReference; lastKnownFileType = text.plist.strings; name = en; path = en.lproj/Localizable.strings; sourceTree = "<group>"; };
		D4ED18722B4858E50097CF45 /* fr */ = {isa = PBXFileReference; lastKnownFileType = text.plist.strings; name = fr; path = fr.lproj/Localizable.strings; sourceTree = "<group>"; };
		D4ED18752B4859140097CF45 /* PokedexListView.swift */ = {isa = PBXFileReference; fileEncoding = 4; lastKnownFileType = sourcecode.swift; path = PokedexListView.swift; sourceTree = "<group>"; };
		D4ED18762B4859140097CF45 /* PokedexListRowView.swift */ = {isa = PBXFileReference; fileEncoding = 4; lastKnownFileType = sourcecode.swift; path = PokedexListRowView.swift; sourceTree = "<group>"; };
		D4ED18782B4859140097CF45 /* MainView.swift */ = {isa = PBXFileReference; fileEncoding = 4; lastKnownFileType = sourcecode.swift; path = MainView.swift; sourceTree = "<group>"; };
		D4ED187A2B4859140097CF45 /* SettingsView.swift */ = {isa = PBXFileReference; fileEncoding = 4; lastKnownFileType = sourcecode.swift; path = SettingsView.swift; sourceTree = "<group>"; };
		D4ED187B2B4859140097CF45 /* SettingsNavigationView.swift */ = {isa = PBXFileReference; fileEncoding = 4; lastKnownFileType = sourcecode.swift; path = SettingsNavigationView.swift; sourceTree = "<group>"; };
		D4ED187C2B4859140097CF45 /* SettingsSelectionView.swift */ = {isa = PBXFileReference; fileEncoding = 4; lastKnownFileType = sourcecode.swift; path = SettingsSelectionView.swift; sourceTree = "<group>"; };
		D4ED187E2B4859140097CF45 /* PokedexNavigationView.swift */ = {isa = PBXFileReference; fileEncoding = 4; lastKnownFileType = sourcecode.swift; path = PokedexNavigationView.swift; sourceTree = "<group>"; };
		D4ED18882B4859620097CF45 /* MainViewModel.swift */ = {isa = PBXFileReference; fileEncoding = 4; lastKnownFileType = sourcecode.swift; path = MainViewModel.swift; sourceTree = "<group>"; };
		D4ED188B2B485ABF0097CF45 /* PokedexNavigationViewModel.swift */ = {isa = PBXFileReference; lastKnownFileType = sourcecode.swift; path = PokedexNavigationViewModel.swift; sourceTree = "<group>"; };
		D4ED188E2B485B8B0097CF45 /* PokedexListRowViewModel.swift */ = {isa = PBXFileReference; lastKnownFileType = sourcecode.swift; path = PokedexListRowViewModel.swift; sourceTree = "<group>"; };
		D4ED18902B485D0F0097CF45 /* PokedexListViewModel.swift */ = {isa = PBXFileReference; lastKnownFileType = sourcecode.swift; path = PokedexListViewModel.swift; sourceTree = "<group>"; };
		D4ED18932B485E970097CF45 /* SettingsNavigationViewModel.swift */ = {isa = PBXFileReference; lastKnownFileType = sourcecode.swift; path = SettingsNavigationViewModel.swift; sourceTree = "<group>"; };
		D4F1E4BB2B0F9F4500A7FA53 /* Provider */ = {isa = PBXFileReference; lastKnownFileType = wrapper; path = Provider; sourceTree = "<group>"; };
		D4F1E4BC2B0F9F4500A7FA53 /* API */ = {isa = PBXFileReference; lastKnownFileType = wrapper; path = API; sourceTree = "<group>"; };
		D4F1E4BD2B0F9F4500A7FA53 /* Mapper */ = {isa = PBXFileReference; lastKnownFileType = wrapper; path = Mapper; sourceTree = "<group>"; };
		D4F1E4BE2B0F9F4500A7FA53 /* Navigation */ = {isa = PBXFileReference; lastKnownFileType = wrapper; path = Navigation; sourceTree = "<group>"; };
		D4F1E4BF2B0F9F4500A7FA53 /* Defaults */ = {isa = PBXFileReference; lastKnownFileType = wrapper; path = Defaults; sourceTree = "<group>"; };
		D4F1E4C02B0F9F4500A7FA53 /* Model */ = {isa = PBXFileReference; lastKnownFileType = wrapper; path = Model; sourceTree = "<group>"; };
/* End PBXFileReference section */

/* Begin PBXFrameworksBuildPhase section */
		D460F80C2B44BBD20073F9E4 /* Frameworks */ = {
			isa = PBXFrameworksBuildPhase;
			buildActionMask = 2147483647;
			files = (
				D4EBBD262B45C4D00045BD54 /* Kingfisher in Frameworks */,
				D4C7B1F22B4545CA0034121A /* Model in Frameworks */,
				D4C7B1EE2B4545CA0034121A /* Error in Frameworks */,
				D405C5692B473A2E007BA702 /* UI in Frameworks */,
				D4C7B1EC2B4545CA0034121A /* Defaults in Frameworks */,
				D4C7B1F02B4545CA0034121A /* Mock in Frameworks */,
				D4EBBC732B459D540045BD54 /* WatchAPI in Frameworks */,
			);
			runOnlyForDeploymentPostprocessing = 0;
		};
		D4D00A642AEA612300409A8D /* Frameworks */ = {
			isa = PBXFrameworksBuildPhase;
			buildActionMask = 2147483647;
			files = (
				D4BD15C52B26634D00A11750 /* Error in Frameworks */,
				D49A6FDA2B1518200071A716 /* Mock in Frameworks */,
				D49A6FD82B1517BB0071A716 /* UI in Frameworks */,
				D4F1E4CE2B0FA89800A7FA53 /* Navigation in Frameworks */,
				D4F1E4CC2B0FA89800A7FA53 /* Model in Frameworks */,
				D4F1E4CA2B0FA89800A7FA53 /* Defaults in Frameworks */,
				D4F1E4C82B0FA89800A7FA53 /* API in Frameworks */,
			);
			runOnlyForDeploymentPostprocessing = 0;
		};
		D4ED17E32B48445C0097CF45 /* Frameworks */ = {
			isa = PBXFrameworksBuildPhase;
			buildActionMask = 2147483647;
			files = (
				D4ED181C2B4844FC0097CF45 /* Navigation in Frameworks */,
				D4ED181A2B4844F50097CF45 /* Model in Frameworks */,
				D4ED18162B4844F10097CF45 /* Error in Frameworks */,
				D4ED181E2B4844FC0097CF45 /* UI in Frameworks */,
				D4ED18142B4844EA0097CF45 /* Defaults in Frameworks */,
				D4ED18182B4844F50097CF45 /* Mock in Frameworks */,
				D4ED18122B4844E60097CF45 /* API in Frameworks */,
			);
			runOnlyForDeploymentPostprocessing = 0;
		};
		D4ED17F92B4844940097CF45 /* Frameworks */ = {
			isa = PBXFrameworksBuildPhase;
			buildActionMask = 2147483647;
			files = (
				D4ED18282B48452C0097CF45 /* Model in Frameworks */,
				D4ED18262B4845220097CF45 /* Kingfisher in Frameworks */,
				D4ED18242B4845220097CF45 /* Mock in Frameworks */,
				D4ED18202B4845220097CF45 /* Defaults in Frameworks */,
				D4ED182A2B48452C0097CF45 /* UI in Frameworks */,
				D4ED18222B4845220097CF45 /* Error in Frameworks */,
				D4ED182C2B48452C0097CF45 /* WatchAPI in Frameworks */,
			);
			runOnlyForDeploymentPostprocessing = 0;
		};
/* End PBXFrameworksBuildPhase section */

/* Begin PBXGroup section */
		D405C55B2B473926007BA702 /* PokemonList */ = {
			isa = PBXGroup;
			children = (
				D405C5642B473966007BA702 /* PokemonListLoadingView.swift */,
				D405C5622B473966007BA702 /* PokemonListRowView.swift */,
				D405C5632B473966007BA702 /* PokemonListView.swift */,
			);
			path = PokemonList;
			sourceTree = "<group>";
		};
		D412EF3C2B205AB0003CCB49 /* Selection */ = {
			isa = PBXGroup;
			children = (
				D412EF3A2B205AAC003CCB49 /* SettingsSelectionView.swift */,
			);
			path = Selection;
			sourceTree = "<group>";
		};
		D450E8142AEC49A100FD1861 /* Frameworks */ = {
			isa = PBXGroup;
			children = (
			);
			name = Frameworks;
			sourceTree = "<group>";
		};
		D460F8132B44BBD20073F9E4 /* SwiftUI-Pokedex-Watch-MV */ = {
			isa = PBXGroup;
			children = (
				D460F8242B44BC100073F9E4 /* Core */,
				D460F81A2B44BBD30073F9E4 /* Preview Content */,
				D460F8252B44BC380073F9E4 /* Resources */,
				D4C7B1F72B4546970034121A /* Views */,
			);
			path = "SwiftUI-Pokedex-Watch-MV";
			sourceTree = "<group>";
		};
		D460F81A2B44BBD30073F9E4 /* Preview Content */ = {
			isa = PBXGroup;
			children = (
				D460F81B2B44BBD30073F9E4 /* Preview Assets.xcassets */,
			);
			path = "Preview Content";
			sourceTree = "<group>";
		};
		D460F8242B44BC100073F9E4 /* Core */ = {
			isa = PBXGroup;
			children = (
				D460F8142B44BBD20073F9E4 /* PokedexApp.swift */,
				D45AF6812B460CF200F24185 /* SheetDestination.swift */,
				D4EBBD152B45B3C20045BD54 /* Strings.swift */,
			);
			path = Core;
			sourceTree = "<group>";
		};
		D460F8252B44BC380073F9E4 /* Resources */ = {
			isa = PBXGroup;
			children = (
				D460F8182B44BBD30073F9E4 /* Assets.xcassets */,
				D4EBBD0C2B45B3700045BD54 /* Strings */,
			);
			path = Resources;
			sourceTree = "<group>";
		};
		D47E77A12B1F7F7800D00AB0 /* Main */ = {
			isa = PBXGroup;
			children = (
				D4E232FE2B17248F00077490 /* MainView.swift */,
			);
			path = Main;
			sourceTree = "<group>";
		};
		D47E77A22B1F7F7D00D00AB0 /* Navigation */ = {
			isa = PBXGroup;
			children = (
				D48D29392B1A42F20066A5FD /* PokedexNavigationView.swift */,
			);
			path = Navigation;
			sourceTree = "<group>";
		};
		D47E77A32B1F7F8200D00AB0 /* Settings */ = {
			isa = PBXGroup;
			children = (
				D47E77A72B1F7FC000D00AB0 /* Row */,
				D412EF3C2B205AB0003CCB49 /* Selection */,
				D47E77A62B1F7FBB00D00AB0 /* View */,
			);
			path = Settings;
			sourceTree = "<group>";
		};
		D47E77A62B1F7FBB00D00AB0 /* View */ = {
			isa = PBXGroup;
			children = (
				D4B3D4A92B18E3FE00C53E11 /* SettingsView.swift */,
			);
			path = View;
			sourceTree = "<group>";
		};
		D47E77A72B1F7FC000D00AB0 /* Row */ = {
			isa = PBXGroup;
			children = (
				D48D29302B1A2EB30066A5FD /* SettingsRowView.swift */,
				D47E77AD2B1F897D00D00AB0 /* SettingsRowView~default.swift */,
				D47E77AF2B1F898400D00AB0 /* SettingsRowView~tvOS.swift */,
			);
			path = Row;
			sourceTree = "<group>";
		};
		D4C7B1F72B4546970034121A /* Views */ = {
			isa = PBXGroup;
			children = (
				D4C7B2202B4557E00034121A /* Main */,
				D4C7B2212B4557EC0034121A /* Navigation */,
				D4C7B2262B45591B0034121A /* PokedexList */,
				D4C7B2292B4559A90034121A /* Settings */,
			);
			path = Views;
			sourceTree = "<group>";
		};
		D4C7B2202B4557E00034121A /* Main */ = {
			isa = PBXGroup;
			children = (
				D4C7B1F82B4546AA0034121A /* MainView.swift */,
			);
			path = Main;
			sourceTree = "<group>";
		};
		D4C7B2212B4557EC0034121A /* Navigation */ = {
			isa = PBXGroup;
			children = (
				D4C7B2222B4557FE0034121A /* PokedexNavigationView.swift */,
			);
			path = Navigation;
			sourceTree = "<group>";
		};
		D4C7B2262B45591B0034121A /* PokedexList */ = {
			isa = PBXGroup;
			children = (
				D4C7B2272B45592D0034121A /* PokedexListView.swift */,
				D4EBBD232B45C2940045BD54 /* PokedexListRowView.swift */,
			);
			path = PokedexList;
			sourceTree = "<group>";
		};
		D4C7B2292B4559A90034121A /* Settings */ = {
			isa = PBXGroup;
			children = (
				D4EBBD172B45B50D0045BD54 /* SettingsNavigationView.swift */,
				D4EBBD192B45B6E10045BD54 /* SettingsSelectionView.swift */,
				D4C7B22A2B4559B80034121A /* SettingsView.swift */,
			);
			path = Settings;
			sourceTree = "<group>";
		};
		D4D00A5E2AEA612300409A8D = {
			isa = PBXGroup;
			children = (
				D4C7B22F2B455CB70034121A /* SwiftUI-Pokedex-Watch-MV-Watch-App-Info.plist */,
				D4D00A972AEA646B00409A8D /* README.md */,
				D4D00A692AEA612300409A8D /* SwiftUI-Pokedex-MV */,
				D4ED17E72B48445C0097CF45 /* SwiftUI-Pokedex-MVVM */,
				D460F8132B44BBD20073F9E4 /* SwiftUI-Pokedex-Watch-MV */,
				D4ED18002B4844940097CF45 /* SwiftUI-Pokedex-Watch-MVVM */,
				D4F1E4B92B0F9F4500A7FA53 /* Packages */,
				D4D00A682AEA612300409A8D /* Products */,
				D450E8142AEC49A100FD1861 /* Frameworks */,
			);
			sourceTree = "<group>";
		};
		D4D00A682AEA612300409A8D /* Products */ = {
			isa = PBXGroup;
			children = (
				D4D00A672AEA612300409A8D /* SwiftUI-Pokedex-MV.app */,
				D460F80F2B44BBD20073F9E4 /* Pokédex.app */,
				D4ED17E62B48445C0097CF45 /* SwiftUI-Pokedex-MVVM.app */,
				D4ED17FC2B4844940097CF45 /* MVVM.app */,
			);
			name = Products;
			sourceTree = "<group>";
		};
		D4D00A692AEA612300409A8D /* SwiftUI-Pokedex-MV */ = {
			isa = PBXGroup;
			children = (
				D4E232FA2B171FDF00077490 /* Core */,
				D4E232FD2B171FFD00077490 /* Other */,
				D4D00A732AEA612500409A8D /* Preview Content */,
				D4E232FC2B171FF200077490 /* Resources */,
				D4E232FB2B171FE600077490 /* Views */,
			);
			path = "SwiftUI-Pokedex-MV";
			sourceTree = "<group>";
		};
		D4D00A732AEA612500409A8D /* Preview Content */ = {
			isa = PBXGroup;
			children = (
				D4D00A742AEA612500409A8D /* Preview Assets.xcassets */,
			);
			path = "Preview Content";
			sourceTree = "<group>";
		};
		D4E232FA2B171FDF00077490 /* Core */ = {
			isa = PBXGroup;
			children = (
				D4D00A722AEA612500409A8D /* Pokedex.entitlements */,
				D4D00A6A2AEA612300409A8D /* PokedexApp.swift */,
				D49B16182B2504C1008198ED /* Strings.swift */,
				D49B165C2B25120C008198ED /* SystemImage.swift */,
			);
			path = Core;
			sourceTree = "<group>";
		};
		D4E232FB2B171FE600077490 /* Views */ = {
			isa = PBXGroup;
			children = (
				D47E77A12B1F7F7800D00AB0 /* Main */,
				D47E77A22B1F7F7D00D00AB0 /* Navigation */,
				D405C55B2B473926007BA702 /* PokemonList */,
				D47E77A32B1F7F8200D00AB0 /* Settings */,
			);
			path = Views;
			sourceTree = "<group>";
		};
		D4E232FC2B171FF200077490 /* Resources */ = {
			isa = PBXGroup;
			children = (
				D4D00A702AEA612500409A8D /* Assets.xcassets */,
				D49B16682B2521F0008198ED /* Localizable.strings */,
			);
			path = Resources;
			sourceTree = "<group>";
		};
		D4E232FD2B171FFD00077490 /* Other */ = {
			isa = PBXGroup;
			children = (
				D4D00A6C2AEA612300409A8D /* ContentView.swift */,
				D4D00A6E2AEA612300409A8D /* Item.swift */,
			);
			path = Other;
			sourceTree = "<group>";
		};
		D4EBBD0C2B45B3700045BD54 /* Strings */ = {
			isa = PBXGroup;
			children = (
				D4EBBD132B45B3970045BD54 /* Localizable.strings */,
			);
			path = Strings;
			sourceTree = "<group>";
		};
		D4ED17E72B48445C0097CF45 /* SwiftUI-Pokedex-MVVM */ = {
			isa = PBXGroup;
			children = (
				D4ED182D2B4846C90097CF45 /* Core */,
				D4ED17EF2B48445C0097CF45 /* Preview Content */,
				D4ED18322B4847290097CF45 /* Resources */,
				D4ED183A2B48479D0097CF45 /* ViewModel */,
				D4ED18332B4847330097CF45 /* Views */,
			);
			path = "SwiftUI-Pokedex-MVVM";
			sourceTree = "<group>";
		};
		D4ED17EF2B48445C0097CF45 /* Preview Content */ = {
			isa = PBXGroup;
			children = (
				D4ED17F02B48445C0097CF45 /* Preview Assets.xcassets */,
			);
			path = "Preview Content";
			sourceTree = "<group>";
		};
		D4ED18002B4844940097CF45 /* SwiftUI-Pokedex-Watch-MVVM */ = {
			isa = PBXGroup;
			children = (
				D4ED18672B48580E0097CF45 /* Core */,
				D4ED18072B4844950097CF45 /* Preview Content */,
				D4ED18692B4858260097CF45 /* Resources */,
				D4ED18862B4859250097CF45 /* ViewModel */,
				D4ED186A2B48582B0097CF45 /* Views */,
			);
			path = "SwiftUI-Pokedex-Watch-MVVM";
			sourceTree = "<group>";
		};
		D4ED18072B4844950097CF45 /* Preview Content */ = {
			isa = PBXGroup;
			children = (
				D4ED18082B4844950097CF45 /* Preview Assets.xcassets */,
			);
			path = "Preview Content";
			sourceTree = "<group>";
		};
		D4ED182D2B4846C90097CF45 /* Core */ = {
			isa = PBXGroup;
			children = (
				D4ED17EE2B48445C0097CF45 /* Pokedex.entitlements */,
				D4ED17E82B48445C0097CF45 /* PokedexApp.swift */,
				D4ED182F2B4847100097CF45 /* Strings.swift */,
				D4ED182E2B4847100097CF45 /* SystemImage.swift */,
			);
			path = Core;
			sourceTree = "<group>";
		};
		D4ED18322B4847290097CF45 /* Resources */ = {
			isa = PBXGroup;
			children = (
				D4ED17EC2B48445C0097CF45 /* Assets.xcassets */,
				D4ED18382B48477D0097CF45 /* Localizable.strings */,
			);
			path = Resources;
			sourceTree = "<group>";
		};
		D4ED18332B4847330097CF45 /* Views */ = {
			isa = PBXGroup;
			children = (
				D4ED183E2B4847F10097CF45 /* Main */,
				D4ED18402B4847F10097CF45 /* Navigation */,
				D4ED184B2B4847F20097CF45 /* PokemonList */,
				D4ED18422B4847F10097CF45 /* Settings */,
			);
			path = Views;
			sourceTree = "<group>";
		};
		D4ED183A2B48479D0097CF45 /* ViewModel */ = {
			isa = PBXGroup;
			children = (
				D4ED18592B4849A80097CF45 /* Main */,
				D4ED185C2B484EA10097CF45 /* Navigation */,
				D4ED185F2B4850370097CF45 /* PokemonList */,
			);
			path = ViewModel;
			sourceTree = "<group>";
		};
		D4ED183E2B4847F10097CF45 /* Main */ = {
			isa = PBXGroup;
			children = (
				D4ED183F2B4847F10097CF45 /* MainView.swift */,
			);
			path = Main;
			sourceTree = "<group>";
		};
		D4ED18402B4847F10097CF45 /* Navigation */ = {
			isa = PBXGroup;
			children = (
				D4ED18412B4847F10097CF45 /* PokedexNavigationView.swift */,
			);
			path = Navigation;
			sourceTree = "<group>";
		};
		D4ED18422B4847F10097CF45 /* Settings */ = {
			isa = PBXGroup;
			children = (
				D4ED18432B4847F10097CF45 /* Row */,
				D4ED18492B4847F10097CF45 /* Selection */,
				D4ED18472B4847F10097CF45 /* View */,
			);
			path = Settings;
			sourceTree = "<group>";
		};
		D4ED18432B4847F10097CF45 /* Row */ = {
			isa = PBXGroup;
			children = (
				D4ED18452B4847F10097CF45 /* SettingsRowView.swift */,
				D4ED18462B4847F10097CF45 /* SettingsRowView~default.swift */,
				D4ED18442B4847F10097CF45 /* SettingsRowView~tvOS.swift */,
			);
			path = Row;
			sourceTree = "<group>";
		};
		D4ED18472B4847F10097CF45 /* View */ = {
			isa = PBXGroup;
			children = (
				D4ED18482B4847F10097CF45 /* SettingsView.swift */,
			);
			path = View;
			sourceTree = "<group>";
		};
		D4ED18492B4847F10097CF45 /* Selection */ = {
			isa = PBXGroup;
			children = (
				D4ED184A2B4847F10097CF45 /* SettingsSelectionView.swift */,
			);
			path = Selection;
			sourceTree = "<group>";
		};
		D4ED184B2B4847F20097CF45 /* PokemonList */ = {
			isa = PBXGroup;
			children = (
				D4ED184D2B4847F20097CF45 /* PokemonListLoadingView.swift */,
				D4ED184E2B4847F20097CF45 /* PokemonListRowView.swift */,
				D4ED184C2B4847F20097CF45 /* PokemonListView.swift */,
			);
			path = PokemonList;
			sourceTree = "<group>";
		};
		D4ED18592B4849A80097CF45 /* Main */ = {
			isa = PBXGroup;
			children = (
				D4ED185A2B4849B50097CF45 /* MainViewModel.swift */,
			);
			path = Main;
			sourceTree = "<group>";
		};
		D4ED185C2B484EA10097CF45 /* Navigation */ = {
			isa = PBXGroup;
			children = (
				D4ED185D2B484EAC0097CF45 /* PokedexNavigationViewModel.swift */,
			);
			path = Navigation;
			sourceTree = "<group>";
		};
		D4ED185F2B4850370097CF45 /* PokemonList */ = {
			isa = PBXGroup;
			children = (
				D4ED18642B4854CF0097CF45 /* PokemonListRowViewModel.swift */,
				D4ED18602B4850620097CF45 /* PokemonListViewModel.swift */,
				D4ED18622B4852ED0097CF45 /* PokemonListViewModel~tvOS.swift */,
			);
			path = PokemonList;
			sourceTree = "<group>";
		};
		D4ED18672B48580E0097CF45 /* Core */ = {
			isa = PBXGroup;
			children = (
				D4ED18012B4844940097CF45 /* PokedexApp.swift */,
				D4ED186B2B4858710097CF45 /* SheetDestination.swift */,
				D4ED186C2B4858710097CF45 /* Strings.swift */,
			);
			path = Core;
			sourceTree = "<group>";
		};
		D4ED18692B4858260097CF45 /* Resources */ = {
			isa = PBXGroup;
			children = (
				D4ED18052B4844950097CF45 /* Assets.xcassets */,
				D4ED186F2B4858E50097CF45 /* Strings */,
			);
			path = Resources;
			sourceTree = "<group>";
		};
		D4ED186A2B48582B0097CF45 /* Views */ = {
			isa = PBXGroup;
			children = (
				D4ED18772B4859140097CF45 /* Main */,
				D4ED187D2B4859140097CF45 /* Navigation */,
				D4ED18742B4859140097CF45 /* PokedexList */,
				D4ED18792B4859140097CF45 /* Settings */,
			);
			path = Views;
			sourceTree = "<group>";
		};
		D4ED186F2B4858E50097CF45 /* Strings */ = {
			isa = PBXGroup;
			children = (
				D4ED18702B4858E50097CF45 /* Localizable.strings */,
			);
			path = Strings;
			sourceTree = "<group>";
		};
		D4ED18742B4859140097CF45 /* PokedexList */ = {
			isa = PBXGroup;
			children = (
				D4ED18762B4859140097CF45 /* PokedexListRowView.swift */,
				D4ED18752B4859140097CF45 /* PokedexListView.swift */,
			);
			path = PokedexList;
			sourceTree = "<group>";
		};
		D4ED18772B4859140097CF45 /* Main */ = {
			isa = PBXGroup;
			children = (
				D4ED18782B4859140097CF45 /* MainView.swift */,
			);
			path = Main;
			sourceTree = "<group>";
		};
		D4ED18792B4859140097CF45 /* Settings */ = {
			isa = PBXGroup;
			children = (
				D4ED187B2B4859140097CF45 /* SettingsNavigationView.swift */,
				D4ED187C2B4859140097CF45 /* SettingsSelectionView.swift */,
				D4ED187A2B4859140097CF45 /* SettingsView.swift */,
			);
			path = Settings;
			sourceTree = "<group>";
		};
		D4ED187D2B4859140097CF45 /* Navigation */ = {
			isa = PBXGroup;
			children = (
				D4ED187E2B4859140097CF45 /* PokedexNavigationView.swift */,
			);
			path = Navigation;
			sourceTree = "<group>";
		};
		D4ED18862B4859250097CF45 /* ViewModel */ = {
			isa = PBXGroup;
			children = (
				D4ED18872B48593D0097CF45 /* Main */,
				D4ED188A2B485AB10097CF45 /* Navigation */,
				D4ED188D2B485B7B0097CF45 /* PokedexList */,
				D4ED18922B485E870097CF45 /* Settings */,
			);
			path = ViewModel;
			sourceTree = "<group>";
		};
		D4ED18872B48593D0097CF45 /* Main */ = {
			isa = PBXGroup;
			children = (
				D4ED18882B4859620097CF45 /* MainViewModel.swift */,
			);
			path = Main;
			sourceTree = "<group>";
		};
		D4ED188A2B485AB10097CF45 /* Navigation */ = {
			isa = PBXGroup;
			children = (
				D4ED188B2B485ABF0097CF45 /* PokedexNavigationViewModel.swift */,
			);
			path = Navigation;
			sourceTree = "<group>";
		};
		D4ED188D2B485B7B0097CF45 /* PokedexList */ = {
			isa = PBXGroup;
			children = (
				D4ED188E2B485B8B0097CF45 /* PokedexListRowViewModel.swift */,
				D4ED18902B485D0F0097CF45 /* PokedexListViewModel.swift */,
			);
			path = PokedexList;
			sourceTree = "<group>";
		};
		D4ED18922B485E870097CF45 /* Settings */ = {
			isa = PBXGroup;
			children = (
				D4ED18932B485E970097CF45 /* SettingsNavigationViewModel.swift */,
			);
			path = Settings;
			sourceTree = "<group>";
		};
		D4F1E4B92B0F9F4500A7FA53 /* Packages */ = {
			isa = PBXGroup;
			children = (
				D4F1E4BA2B0F9F4500A7FA53 /* Network */,
				D4F1E4BF2B0F9F4500A7FA53 /* Defaults */,
				D4BD15C32B2661C000A11750 /* Error */,
				D4F1E4BD2B0F9F4500A7FA53 /* Mapper */,
				D453A8EA2B101A0B00614CEE /* Mock */,
				D4F1E4C02B0F9F4500A7FA53 /* Model */,
				D4F1E4BE2B0F9F4500A7FA53 /* Navigation */,
				D405C5582B4738D5007BA702 /* UI */,
			);
			path = Packages;
			sourceTree = "<group>";
		};
		D4F1E4BA2B0F9F4500A7FA53 /* Network */ = {
			isa = PBXGroup;
			children = (
				D4F1E4BC2B0F9F4500A7FA53 /* API */,
				D4F1E4BB2B0F9F4500A7FA53 /* Provider */,
				D4EBBC712B459B120045BD54 /* WatchAPI */,
			);
			path = Network;
			sourceTree = "<group>";
		};
/* End PBXGroup section */

/* Begin PBXNativeTarget section */
		D460F80E2B44BBD20073F9E4 /* SwiftUI-Pokedex-Watch-MV */ = {
			isa = PBXNativeTarget;
			buildConfigurationList = D460F81D2B44BBD30073F9E4 /* Build configuration list for PBXNativeTarget "SwiftUI-Pokedex-Watch-MV" */;
			buildPhases = (
				D460F80B2B44BBD20073F9E4 /* Sources */,
				D460F80C2B44BBD20073F9E4 /* Frameworks */,
				D460F80D2B44BBD20073F9E4 /* Resources */,
			);
			buildRules = (
			);
			dependencies = (
			);
			name = "SwiftUI-Pokedex-Watch-MV";
			packageProductDependencies = (
				D4C7B1EB2B4545CA0034121A /* Defaults */,
				D4C7B1ED2B4545CA0034121A /* Error */,
				D4C7B1EF2B4545CA0034121A /* Mock */,
				D4C7B1F12B4545CA0034121A /* Model */,
				D4EBBC722B459D540045BD54 /* WatchAPI */,
				D4EBBD252B45C4D00045BD54 /* Kingfisher */,
				D405C5682B473A2E007BA702 /* UI */,
			);
			productName = "SwiftUI-Pokedex-Watch-MV Watch App";
			productReference = D460F80F2B44BBD20073F9E4 /* Pokédex.app */;
			productType = "com.apple.product-type.application";
		};
		D4D00A662AEA612300409A8D /* SwiftUI-Pokedex-MV */ = {
			isa = PBXNativeTarget;
			buildConfigurationList = D4D00A8E2AEA612600409A8D /* Build configuration list for PBXNativeTarget "SwiftUI-Pokedex-MV" */;
			buildPhases = (
				D4D00A632AEA612300409A8D /* Sources */,
				D4D00A642AEA612300409A8D /* Frameworks */,
				D4D00A652AEA612300409A8D /* Resources */,
			);
			buildRules = (
			);
			dependencies = (
			);
			name = "SwiftUI-Pokedex-MV";
			packageProductDependencies = (
				D4F1E4C72B0FA89800A7FA53 /* API */,
				D4F1E4C92B0FA89800A7FA53 /* Defaults */,
				D4F1E4CB2B0FA89800A7FA53 /* Model */,
				D4F1E4CD2B0FA89800A7FA53 /* Navigation */,
				D49A6FD72B1517BB0071A716 /* UI */,
				D49A6FD92B1518200071A716 /* Mock */,
				D4BD15C42B26634D00A11750 /* Error */,
			);
			productName = "SwiftUI-Pokedex";
			productReference = D4D00A672AEA612300409A8D /* SwiftUI-Pokedex-MV.app */;
			productType = "com.apple.product-type.application";
		};
		D4ED17E52B48445C0097CF45 /* SwiftUI-Pokedex-MVVM */ = {
			isa = PBXNativeTarget;
			buildConfigurationList = D4ED17F42B48445C0097CF45 /* Build configuration list for PBXNativeTarget "SwiftUI-Pokedex-MVVM" */;
			buildPhases = (
				D4ED17E22B48445C0097CF45 /* Sources */,
				D4ED17E32B48445C0097CF45 /* Frameworks */,
				D4ED17E42B48445C0097CF45 /* Resources */,
			);
			buildRules = (
			);
			dependencies = (
			);
			name = "SwiftUI-Pokedex-MVVM";
			packageProductDependencies = (
				D4ED18112B4844E60097CF45 /* API */,
				D4ED18132B4844EA0097CF45 /* Defaults */,
				D4ED18152B4844F10097CF45 /* Error */,
				D4ED18172B4844F50097CF45 /* Mock */,
				D4ED18192B4844F50097CF45 /* Model */,
				D4ED181B2B4844FC0097CF45 /* Navigation */,
				D4ED181D2B4844FC0097CF45 /* UI */,
			);
			productName = "SwiftUI-Pokedex-MVVM";
			productReference = D4ED17E62B48445C0097CF45 /* SwiftUI-Pokedex-MVVM.app */;
			productType = "com.apple.product-type.application";
		};
		D4ED17FB2B4844940097CF45 /* SwiftUI-Pokedex-Watch-MVVM */ = {
			isa = PBXNativeTarget;
			buildConfigurationList = D4ED180A2B4844950097CF45 /* Build configuration list for PBXNativeTarget "SwiftUI-Pokedex-Watch-MVVM" */;
			buildPhases = (
				D4ED17F82B4844940097CF45 /* Sources */,
				D4ED17F92B4844940097CF45 /* Frameworks */,
				D4ED17FA2B4844940097CF45 /* Resources */,
			);
			buildRules = (
			);
			dependencies = (
			);
			name = "SwiftUI-Pokedex-Watch-MVVM";
			packageProductDependencies = (
				D4ED181F2B4845220097CF45 /* Defaults */,
				D4ED18212B4845220097CF45 /* Error */,
				D4ED18232B4845220097CF45 /* Mock */,
				D4ED18252B4845220097CF45 /* Kingfisher */,
				D4ED18272B48452C0097CF45 /* Model */,
				D4ED18292B48452C0097CF45 /* UI */,
				D4ED182B2B48452C0097CF45 /* WatchAPI */,
			);
			productName = "SwiftUI-Pokedex-Watch-MVVM Watch App";
			productReference = D4ED17FC2B4844940097CF45 /* MVVM.app */;
			productType = "com.apple.product-type.application";
		};
/* End PBXNativeTarget section */

/* Begin PBXProject section */
		D4D00A5F2AEA612300409A8D /* Project object */ = {
			isa = PBXProject;
			attributes = {
				BuildIndependentTargetsInParallel = 1;
				LastSwiftUpdateCheck = 1510;
				LastUpgradeCheck = 1510;
				TargetAttributes = {
					D460F80E2B44BBD20073F9E4 = {
						CreatedOnToolsVersion = 15.1;
					};
					D4D00A662AEA612300409A8D = {
						CreatedOnToolsVersion = 15.0;
					};
					D4ED17E52B48445C0097CF45 = {
						CreatedOnToolsVersion = 15.1;
					};
					D4ED17FB2B4844940097CF45 = {
						CreatedOnToolsVersion = 15.1;
					};
				};
			};
			buildConfigurationList = D4D00A622AEA612300409A8D /* Build configuration list for PBXProject "SwiftUI-Pokedex" */;
			compatibilityVersion = "Xcode 14.0";
			developmentRegion = en;
			hasScannedForEncodings = 0;
			knownRegions = (
				en,
				Base,
				fr,
			);
			mainGroup = D4D00A5E2AEA612300409A8D;
			packageReferences = (
				D4D00A992AEA681000409A8D /* XCRemoteSwiftPackageReference "Moya" */,
				D4D00A9A2AEA681800409A8D /* XCRemoteSwiftPackageReference "Kingfisher" */,
			);
			productRefGroup = D4D00A682AEA612300409A8D /* Products */;
			projectDirPath = "";
			projectRoot = "";
			targets = (
				D4D00A662AEA612300409A8D /* SwiftUI-Pokedex-MV */,
				D4ED17E52B48445C0097CF45 /* SwiftUI-Pokedex-MVVM */,
				D460F80E2B44BBD20073F9E4 /* SwiftUI-Pokedex-Watch-MV */,
				D4ED17FB2B4844940097CF45 /* SwiftUI-Pokedex-Watch-MVVM */,
			);
		};
/* End PBXProject section */

/* Begin PBXResourcesBuildPhase section */
		D460F80D2B44BBD20073F9E4 /* Resources */ = {
			isa = PBXResourcesBuildPhase;
			buildActionMask = 2147483647;
			files = (
				D405C55A2B4738D5007BA702 /* UI in Resources */,
				D460F81C2B44BBD30073F9E4 /* Preview Assets.xcassets in Resources */,
				D4EBBD112B45B3970045BD54 /* Localizable.strings in Resources */,
				D460F8192B44BBD30073F9E4 /* Assets.xcassets in Resources */,
			);
			runOnlyForDeploymentPostprocessing = 0;
		};
		D4D00A652AEA612300409A8D /* Resources */ = {
			isa = PBXResourcesBuildPhase;
			buildActionMask = 2147483647;
			files = (
				D405C5592B4738D5007BA702 /* UI in Resources */,
				D4F1E4C42B0F9F4500A7FA53 /* Navigation in Resources */,
				D4F1E4C32B0F9F4500A7FA53 /* Mapper in Resources */,
				D4F1E4C12B0F9F4500A7FA53 /* Provider in Resources */,
				D4F1E4C22B0F9F4500A7FA53 /* API in Resources */,
				D4D00A752AEA612500409A8D /* Preview Assets.xcassets in Resources */,
				D49B16662B2521F0008198ED /* Localizable.strings in Resources */,
				D4D00A712AEA612500409A8D /* Assets.xcassets in Resources */,
				D4F1E4C62B0F9F4500A7FA53 /* Model in Resources */,
				D4F1E4C52B0F9F4500A7FA53 /* Defaults in Resources */,
			);
			runOnlyForDeploymentPostprocessing = 0;
		};
		D4ED17E42B48445C0097CF45 /* Resources */ = {
			isa = PBXResourcesBuildPhase;
			buildActionMask = 2147483647;
			files = (
				D4ED17F12B48445C0097CF45 /* Preview Assets.xcassets in Resources */,
				D4ED18362B48477D0097CF45 /* Localizable.strings in Resources */,
				D4ED17ED2B48445C0097CF45 /* Assets.xcassets in Resources */,
			);
			runOnlyForDeploymentPostprocessing = 0;
		};
		D4ED17FA2B4844940097CF45 /* Resources */ = {
			isa = PBXResourcesBuildPhase;
			buildActionMask = 2147483647;
			files = (
				D4ED18092B4844950097CF45 /* Preview Assets.xcassets in Resources */,
				D4ED18732B4858E50097CF45 /* Localizable.strings in Resources */,
				D4ED18062B4844950097CF45 /* Assets.xcassets in Resources */,
			);
			runOnlyForDeploymentPostprocessing = 0;
		};
/* End PBXResourcesBuildPhase section */

/* Begin PBXSourcesBuildPhase section */
		D460F80B2B44BBD20073F9E4 /* Sources */ = {
			isa = PBXSourcesBuildPhase;
			buildActionMask = 2147483647;
			files = (
				D4EBBD1A2B45B6E10045BD54 /* SettingsSelectionView.swift in Sources */,
				D460F8152B44BBD30073F9E4 /* PokedexApp.swift in Sources */,
				D4C7B2282B45592D0034121A /* PokedexListView.swift in Sources */,
				D4EBBD162B45B3C20045BD54 /* Strings.swift in Sources */,
				D4EBBD242B45C2940045BD54 /* PokedexListRowView.swift in Sources */,
				D4EBBD182B45B50D0045BD54 /* SettingsNavigationView.swift in Sources */,
				D4C7B2232B4557FE0034121A /* PokedexNavigationView.swift in Sources */,
				D4C7B22B2B4559B80034121A /* SettingsView.swift in Sources */,
				D4C7B21F2B45574C0034121A /* MainView.swift in Sources */,
				D45AF6822B460CF200F24185 /* SheetDestination.swift in Sources */,
			);
			runOnlyForDeploymentPostprocessing = 0;
		};
		D4D00A632AEA612300409A8D /* Sources */ = {
			isa = PBXSourcesBuildPhase;
			buildActionMask = 2147483647;
			files = (
				D4B3D4AA2B18E3FE00C53E11 /* SettingsView.swift in Sources */,
				D412EF3B2B205AAC003CCB49 /* SettingsSelectionView.swift in Sources */,
				D4D00A6D2AEA612300409A8D /* ContentView.swift in Sources */,
				D48D29312B1A2EB30066A5FD /* SettingsRowView.swift in Sources */,
				D49B16192B2504C1008198ED /* Strings.swift in Sources */,
				D4E232FF2B17248F00077490 /* MainView.swift in Sources */,
				D4D00A6F2AEA612300409A8D /* Item.swift in Sources */,
				D4D00A6B2AEA612300409A8D /* PokedexApp.swift in Sources */,
				D405C5662B473966007BA702 /* PokemonListView.swift in Sources */,
				D49B165D2B25120C008198ED /* SystemImage.swift in Sources */,
				D405C5652B473966007BA702 /* PokemonListRowView.swift in Sources */,
				D48D293A2B1A42F20066A5FD /* PokedexNavigationView.swift in Sources */,
				D405C5672B473966007BA702 /* PokemonListLoadingView.swift in Sources */,
				D47E77B02B1F898400D00AB0 /* SettingsRowView~tvOS.swift in Sources */,
				D47E77AE2B1F897D00D00AB0 /* SettingsRowView~default.swift in Sources */,
			);
			runOnlyForDeploymentPostprocessing = 0;
		};
		D4ED17E22B48445C0097CF45 /* Sources */ = {
			isa = PBXSourcesBuildPhase;
			buildActionMask = 2147483647;
			files = (
				D4ED18562B4847F20097CF45 /* PokemonListView.swift in Sources */,
				D4ED18552B4847F20097CF45 /* SettingsSelectionView.swift in Sources */,
				D4ED185E2B484EAC0097CF45 /* PokedexNavigationViewModel.swift in Sources */,
				D4ED17E92B48445C0097CF45 /* PokedexApp.swift in Sources */,
				D4ED18512B4847F20097CF45 /* SettingsRowView~tvOS.swift in Sources */,
				D4ED184F2B4847F20097CF45 /* MainView.swift in Sources */,
				D4ED18632B4852ED0097CF45 /* PokemonListViewModel~tvOS.swift in Sources */,
				D4ED18612B4850620097CF45 /* PokemonListViewModel.swift in Sources */,
				D4ED18542B4847F20097CF45 /* SettingsView.swift in Sources */,
				D4ED18312B4847100097CF45 /* Strings.swift in Sources */,
				D4ED185B2B4849B50097CF45 /* MainViewModel.swift in Sources */,
				D4ED18302B4847100097CF45 /* SystemImage.swift in Sources */,
				D4ED18502B4847F20097CF45 /* PokedexNavigationView.swift in Sources */,
				D4ED18572B4847F20097CF45 /* PokemonListLoadingView.swift in Sources */,
				D4ED18582B4847F20097CF45 /* PokemonListRowView.swift in Sources */,
				D4ED18522B4847F20097CF45 /* SettingsRowView.swift in Sources */,
				D4ED18532B4847F20097CF45 /* SettingsRowView~default.swift in Sources */,
				D4ED18652B4854CF0097CF45 /* PokemonListRowViewModel.swift in Sources */,
			);
			runOnlyForDeploymentPostprocessing = 0;
		};
		D4ED17F82B4844940097CF45 /* Sources */ = {
			isa = PBXSourcesBuildPhase;
			buildActionMask = 2147483647;
			files = (
				D4ED18822B4859140097CF45 /* SettingsView.swift in Sources */,
				D4ED18842B4859140097CF45 /* SettingsSelectionView.swift in Sources */,
				D4ED188F2B485B8B0097CF45 /* PokedexListRowViewModel.swift in Sources */,
				D4ED188C2B485ABF0097CF45 /* PokedexNavigationViewModel.swift in Sources */,
				D4ED18802B4859140097CF45 /* PokedexListRowView.swift in Sources */,
				D4ED18812B4859140097CF45 /* MainView.swift in Sources */,
				D4ED18832B4859140097CF45 /* SettingsNavigationView.swift in Sources */,
				D4ED186D2B4858710097CF45 /* SheetDestination.swift in Sources */,
				D4ED186E2B4858710097CF45 /* Strings.swift in Sources */,
				D4ED18942B485E970097CF45 /* SettingsNavigationViewModel.swift in Sources */,
				D4ED18022B4844940097CF45 /* PokedexApp.swift in Sources */,
				D4ED187F2B4859140097CF45 /* PokedexListView.swift in Sources */,
				D4ED18852B4859140097CF45 /* PokedexNavigationView.swift in Sources */,
				D4ED18892B4859620097CF45 /* MainViewModel.swift in Sources */,
				D4ED18912B485D0F0097CF45 /* PokedexListViewModel.swift in Sources */,
			);
			runOnlyForDeploymentPostprocessing = 0;
		};
/* End PBXSourcesBuildPhase section */

/* Begin PBXVariantGroup section */
		D49B16682B2521F0008198ED /* Localizable.strings */ = {
			isa = PBXVariantGroup;
			children = (
				D49B16672B2521F0008198ED /* en */,
				D49B16692B2521F7008198ED /* fr */,
			);
			name = Localizable.strings;
			sourceTree = "<group>";
		};
		D4EBBD132B45B3970045BD54 /* Localizable.strings */ = {
			isa = PBXVariantGroup;
			children = (
				D4EBBD122B45B3970045BD54 /* en */,
				D4EBBD142B45B3990045BD54 /* fr */,
			);
			name = Localizable.strings;
			sourceTree = "<group>";
		};
		D4ED18382B48477D0097CF45 /* Localizable.strings */ = {
			isa = PBXVariantGroup;
			children = (
				D4ED18372B48477D0097CF45 /* en */,
				D4ED18392B48477F0097CF45 /* fr */,
			);
			name = Localizable.strings;
			sourceTree = "<group>";
		};
		D4ED18702B4858E50097CF45 /* Localizable.strings */ = {
			isa = PBXVariantGroup;
			children = (
				D4ED18712B4858E50097CF45 /* en */,
				D4ED18722B4858E50097CF45 /* fr */,
			);
			name = Localizable.strings;
			sourceTree = "<group>";
		};
/* End PBXVariantGroup section */

/* Begin XCBuildConfiguration section */
		D460F81E2B44BBD30073F9E4 /* Debug */ = {
			isa = XCBuildConfiguration;
			buildSettings = {
				ASSETCATALOG_COMPILER_APPICON_NAME = AppIcon;
				ASSETCATALOG_COMPILER_GLOBAL_ACCENT_COLOR_NAME = AccentColor;
				CODE_SIGN_STYLE = Automatic;
				CURRENT_PROJECT_VERSION = 1;
				DEVELOPMENT_ASSET_PATHS = "\"SwiftUI-Pokedex-Watch-MV/Preview Content\"";
				DEVELOPMENT_TEAM = SRD9PR5GCG;
				ENABLE_PREVIEWS = YES;
				GENERATE_INFOPLIST_FILE = YES;
				INFOPLIST_FILE = "SwiftUI-Pokedex-Watch-MV-Watch-App-Info.plist";
				INFOPLIST_KEY_CFBundleDisplayName = MV;
				INFOPLIST_KEY_UIApplicationSceneManifest_Generation = YES;
				INFOPLIST_KEY_UISupportedInterfaceOrientations = "UIInterfaceOrientationPortrait UIInterfaceOrientationPortraitUpsideDown";
				INFOPLIST_KEY_WKWatchOnly = YES;
				LD_RUNPATH_SEARCH_PATHS = (
					"$(inherited)",
					"@executable_path/Frameworks",
				);
				MARKETING_VERSION = 1.0;
				PRODUCT_BUNDLE_IDENTIFIER = "com.rob.SwiftUI-Pokedex-Watch-MV.watchkitapp";
				PRODUCT_NAME = "Pokédex";
				SDKROOT = watchos;
				SKIP_INSTALL = YES;
				SWIFT_EMIT_LOC_STRINGS = YES;
				SWIFT_VERSION = 5.0;
				TARGETED_DEVICE_FAMILY = 4;
				WATCHOS_DEPLOYMENT_TARGET = 10.2;
			};
			name = Debug;
		};
		D460F81F2B44BBD30073F9E4 /* Release */ = {
			isa = XCBuildConfiguration;
			buildSettings = {
				ASSETCATALOG_COMPILER_APPICON_NAME = AppIcon;
				ASSETCATALOG_COMPILER_GLOBAL_ACCENT_COLOR_NAME = AccentColor;
				CODE_SIGN_STYLE = Automatic;
				CURRENT_PROJECT_VERSION = 1;
				DEVELOPMENT_ASSET_PATHS = "\"SwiftUI-Pokedex-Watch-MV/Preview Content\"";
				DEVELOPMENT_TEAM = SRD9PR5GCG;
				ENABLE_PREVIEWS = YES;
				GENERATE_INFOPLIST_FILE = YES;
				INFOPLIST_FILE = "SwiftUI-Pokedex-Watch-MV-Watch-App-Info.plist";
				INFOPLIST_KEY_CFBundleDisplayName = MV;
				INFOPLIST_KEY_UIApplicationSceneManifest_Generation = YES;
				INFOPLIST_KEY_UISupportedInterfaceOrientations = "UIInterfaceOrientationPortrait UIInterfaceOrientationPortraitUpsideDown";
				INFOPLIST_KEY_WKWatchOnly = YES;
				LD_RUNPATH_SEARCH_PATHS = (
					"$(inherited)",
					"@executable_path/Frameworks",
				);
				MARKETING_VERSION = 1.0;
				PRODUCT_BUNDLE_IDENTIFIER = "com.rob.SwiftUI-Pokedex-Watch-MV.watchkitapp";
				PRODUCT_NAME = "Pokédex";
				SDKROOT = watchos;
				SKIP_INSTALL = YES;
				SWIFT_EMIT_LOC_STRINGS = YES;
				SWIFT_VERSION = 5.0;
				TARGETED_DEVICE_FAMILY = 4;
				VALIDATE_PRODUCT = YES;
				WATCHOS_DEPLOYMENT_TARGET = 10.2;
			};
			name = Release;
		};
		D4D00A8C2AEA612600409A8D /* Debug */ = {
			isa = XCBuildConfiguration;
			buildSettings = {
				ALWAYS_SEARCH_USER_PATHS = NO;
				ASSETCATALOG_COMPILER_GENERATE_SWIFT_ASSET_SYMBOL_EXTENSIONS = YES;
				CLANG_ANALYZER_LOCALIZABILITY_NONLOCALIZED = YES;
				CLANG_ANALYZER_NONNULL = YES;
				CLANG_ANALYZER_NUMBER_OBJECT_CONVERSION = YES_AGGRESSIVE;
				CLANG_CXX_LANGUAGE_STANDARD = "gnu++20";
				CLANG_ENABLE_MODULES = YES;
				CLANG_ENABLE_OBJC_ARC = YES;
				CLANG_ENABLE_OBJC_WEAK = YES;
				CLANG_WARN_BLOCK_CAPTURE_AUTORELEASING = YES;
				CLANG_WARN_BOOL_CONVERSION = YES;
				CLANG_WARN_COMMA = YES;
				CLANG_WARN_CONSTANT_CONVERSION = YES;
				CLANG_WARN_DEPRECATED_OBJC_IMPLEMENTATIONS = YES;
				CLANG_WARN_DIRECT_OBJC_ISA_USAGE = YES_ERROR;
				CLANG_WARN_DOCUMENTATION_COMMENTS = YES;
				CLANG_WARN_EMPTY_BODY = YES;
				CLANG_WARN_ENUM_CONVERSION = YES;
				CLANG_WARN_INFINITE_RECURSION = YES;
				CLANG_WARN_INT_CONVERSION = YES;
				CLANG_WARN_NON_LITERAL_NULL_CONVERSION = YES;
				CLANG_WARN_OBJC_IMPLICIT_RETAIN_SELF = YES;
				CLANG_WARN_OBJC_LITERAL_CONVERSION = YES;
				CLANG_WARN_OBJC_ROOT_CLASS = YES_ERROR;
				CLANG_WARN_QUOTED_INCLUDE_IN_FRAMEWORK_HEADER = YES;
				CLANG_WARN_RANGE_LOOP_ANALYSIS = YES;
				CLANG_WARN_STRICT_PROTOTYPES = YES;
				CLANG_WARN_SUSPICIOUS_MOVE = YES;
				CLANG_WARN_UNGUARDED_AVAILABILITY = YES_AGGRESSIVE;
				CLANG_WARN_UNREACHABLE_CODE = YES;
				CLANG_WARN__DUPLICATE_METHOD_MATCH = YES;
				COPY_PHASE_STRIP = NO;
				DEAD_CODE_STRIPPING = YES;
				DEBUG_INFORMATION_FORMAT = dwarf;
				ENABLE_STRICT_OBJC_MSGSEND = YES;
				ENABLE_TESTABILITY = YES;
				ENABLE_USER_SCRIPT_SANDBOXING = YES;
				GCC_C_LANGUAGE_STANDARD = gnu17;
				GCC_DYNAMIC_NO_PIC = NO;
				GCC_NO_COMMON_BLOCKS = YES;
				GCC_OPTIMIZATION_LEVEL = 0;
				GCC_PREPROCESSOR_DEFINITIONS = (
					"DEBUG=1",
					"$(inherited)",
				);
				GCC_WARN_64_TO_32_BIT_CONVERSION = YES;
				GCC_WARN_ABOUT_RETURN_TYPE = YES_ERROR;
				GCC_WARN_UNDECLARED_SELECTOR = YES;
				GCC_WARN_UNINITIALIZED_AUTOS = YES_AGGRESSIVE;
				GCC_WARN_UNUSED_FUNCTION = YES;
				GCC_WARN_UNUSED_VARIABLE = YES;
				LOCALIZATION_PREFERS_STRING_CATALOGS = YES;
				MTL_ENABLE_DEBUG_INFO = INCLUDE_SOURCE;
				MTL_FAST_MATH = YES;
				ONLY_ACTIVE_ARCH = YES;
				SWIFT_ACTIVE_COMPILATION_CONDITIONS = "DEBUG $(inherited)";
				SWIFT_OPTIMIZATION_LEVEL = "-Onone";
			};
			name = Debug;
		};
		D4D00A8D2AEA612600409A8D /* Release */ = {
			isa = XCBuildConfiguration;
			buildSettings = {
				ALWAYS_SEARCH_USER_PATHS = NO;
				ASSETCATALOG_COMPILER_GENERATE_SWIFT_ASSET_SYMBOL_EXTENSIONS = YES;
				CLANG_ANALYZER_LOCALIZABILITY_NONLOCALIZED = YES;
				CLANG_ANALYZER_NONNULL = YES;
				CLANG_ANALYZER_NUMBER_OBJECT_CONVERSION = YES_AGGRESSIVE;
				CLANG_CXX_LANGUAGE_STANDARD = "gnu++20";
				CLANG_ENABLE_MODULES = YES;
				CLANG_ENABLE_OBJC_ARC = YES;
				CLANG_ENABLE_OBJC_WEAK = YES;
				CLANG_WARN_BLOCK_CAPTURE_AUTORELEASING = YES;
				CLANG_WARN_BOOL_CONVERSION = YES;
				CLANG_WARN_COMMA = YES;
				CLANG_WARN_CONSTANT_CONVERSION = YES;
				CLANG_WARN_DEPRECATED_OBJC_IMPLEMENTATIONS = YES;
				CLANG_WARN_DIRECT_OBJC_ISA_USAGE = YES_ERROR;
				CLANG_WARN_DOCUMENTATION_COMMENTS = YES;
				CLANG_WARN_EMPTY_BODY = YES;
				CLANG_WARN_ENUM_CONVERSION = YES;
				CLANG_WARN_INFINITE_RECURSION = YES;
				CLANG_WARN_INT_CONVERSION = YES;
				CLANG_WARN_NON_LITERAL_NULL_CONVERSION = YES;
				CLANG_WARN_OBJC_IMPLICIT_RETAIN_SELF = YES;
				CLANG_WARN_OBJC_LITERAL_CONVERSION = YES;
				CLANG_WARN_OBJC_ROOT_CLASS = YES_ERROR;
				CLANG_WARN_QUOTED_INCLUDE_IN_FRAMEWORK_HEADER = YES;
				CLANG_WARN_RANGE_LOOP_ANALYSIS = YES;
				CLANG_WARN_STRICT_PROTOTYPES = YES;
				CLANG_WARN_SUSPICIOUS_MOVE = YES;
				CLANG_WARN_UNGUARDED_AVAILABILITY = YES_AGGRESSIVE;
				CLANG_WARN_UNREACHABLE_CODE = YES;
				CLANG_WARN__DUPLICATE_METHOD_MATCH = YES;
				COPY_PHASE_STRIP = NO;
				DEAD_CODE_STRIPPING = YES;
				DEBUG_INFORMATION_FORMAT = "dwarf-with-dsym";
				ENABLE_NS_ASSERTIONS = NO;
				ENABLE_STRICT_OBJC_MSGSEND = YES;
				ENABLE_USER_SCRIPT_SANDBOXING = YES;
				GCC_C_LANGUAGE_STANDARD = gnu17;
				GCC_NO_COMMON_BLOCKS = YES;
				GCC_WARN_64_TO_32_BIT_CONVERSION = YES;
				GCC_WARN_ABOUT_RETURN_TYPE = YES_ERROR;
				GCC_WARN_UNDECLARED_SELECTOR = YES;
				GCC_WARN_UNINITIALIZED_AUTOS = YES_AGGRESSIVE;
				GCC_WARN_UNUSED_FUNCTION = YES;
				GCC_WARN_UNUSED_VARIABLE = YES;
				LOCALIZATION_PREFERS_STRING_CATALOGS = YES;
				MTL_ENABLE_DEBUG_INFO = NO;
				MTL_FAST_MATH = YES;
				SWIFT_COMPILATION_MODE = wholemodule;
			};
			name = Release;
		};
		D4D00A8F2AEA612600409A8D /* Debug */ = {
			isa = XCBuildConfiguration;
			buildSettings = {
				ASSETCATALOG_COMPILER_APPICON_NAME = AppIcon;
				ASSETCATALOG_COMPILER_GLOBAL_ACCENT_COLOR_NAME = AccentColor;
				CODE_SIGN_ENTITLEMENTS = "SwiftUI-Pokedex-MV/Core/Pokedex.entitlements";
				"CODE_SIGN_IDENTITY[sdk=macosx*]" = "Apple Development";
				CODE_SIGN_STYLE = Automatic;
				CURRENT_PROJECT_VERSION = 1;
				DEAD_CODE_STRIPPING = YES;
				DEVELOPMENT_ASSET_PATHS = "\"SwiftUI-Pokedex-MV/Preview Content\"";
				DEVELOPMENT_TEAM = SRD9PR5GCG;
				ENABLE_HARDENED_RUNTIME = YES;
				ENABLE_PREVIEWS = YES;
				GENERATE_INFOPLIST_FILE = YES;
				INFOPLIST_KEY_CFBundleDisplayName = MV;
				"INFOPLIST_KEY_UIApplicationSceneManifest_Generation[sdk=iphoneos*]" = YES;
				"INFOPLIST_KEY_UIApplicationSceneManifest_Generation[sdk=iphonesimulator*]" = YES;
				"INFOPLIST_KEY_UIApplicationSupportsIndirectInputEvents[sdk=iphoneos*]" = YES;
				"INFOPLIST_KEY_UIApplicationSupportsIndirectInputEvents[sdk=iphonesimulator*]" = YES;
				"INFOPLIST_KEY_UILaunchScreen_Generation[sdk=iphoneos*]" = YES;
				"INFOPLIST_KEY_UILaunchScreen_Generation[sdk=iphonesimulator*]" = YES;
				"INFOPLIST_KEY_UIStatusBarStyle[sdk=iphoneos*]" = UIStatusBarStyleDefault;
				"INFOPLIST_KEY_UIStatusBarStyle[sdk=iphonesimulator*]" = UIStatusBarStyleDefault;
				INFOPLIST_KEY_UISupportedInterfaceOrientations_iPad = "UIInterfaceOrientationPortrait UIInterfaceOrientationPortraitUpsideDown UIInterfaceOrientationLandscapeLeft UIInterfaceOrientationLandscapeRight";
				INFOPLIST_KEY_UISupportedInterfaceOrientations_iPhone = "UIInterfaceOrientationPortrait UIInterfaceOrientationLandscapeLeft UIInterfaceOrientationLandscapeRight";
				IPHONEOS_DEPLOYMENT_TARGET = 17.2;
				LD_RUNPATH_SEARCH_PATHS = "@executable_path/Frameworks";
				"LD_RUNPATH_SEARCH_PATHS[sdk=macosx*]" = "@executable_path/../Frameworks";
				MACOSX_DEPLOYMENT_TARGET = 14.2;
				MARKETING_VERSION = 1.0;
				PRODUCT_BUNDLE_IDENTIFIER = "com.rob.SwiftUI-Pokedex";
				PRODUCT_NAME = "$(TARGET_NAME)";
				SDKROOT = auto;
				SUPPORTED_PLATFORMS = "appletvos appletvsimulator iphoneos iphonesimulator macosx";
				SUPPORTS_MACCATALYST = NO;
				SWIFT_EMIT_LOC_STRINGS = YES;
				SWIFT_VERSION = 5.0;
				TARGETED_DEVICE_FAMILY = "1,2,3";
			};
			name = Debug;
		};
		D4D00A902AEA612600409A8D /* Release */ = {
			isa = XCBuildConfiguration;
			buildSettings = {
				ASSETCATALOG_COMPILER_APPICON_NAME = AppIcon;
				ASSETCATALOG_COMPILER_GLOBAL_ACCENT_COLOR_NAME = AccentColor;
				CODE_SIGN_ENTITLEMENTS = "SwiftUI-Pokedex-MV/Core/Pokedex.entitlements";
				"CODE_SIGN_IDENTITY[sdk=macosx*]" = "Apple Development";
				CODE_SIGN_STYLE = Automatic;
				CURRENT_PROJECT_VERSION = 1;
				DEAD_CODE_STRIPPING = YES;
				DEVELOPMENT_ASSET_PATHS = "\"SwiftUI-Pokedex-MV/Preview Content\"";
				DEVELOPMENT_TEAM = SRD9PR5GCG;
				ENABLE_HARDENED_RUNTIME = YES;
				ENABLE_PREVIEWS = YES;
				GENERATE_INFOPLIST_FILE = YES;
				INFOPLIST_KEY_CFBundleDisplayName = MV;
				"INFOPLIST_KEY_UIApplicationSceneManifest_Generation[sdk=iphoneos*]" = YES;
				"INFOPLIST_KEY_UIApplicationSceneManifest_Generation[sdk=iphonesimulator*]" = YES;
				"INFOPLIST_KEY_UIApplicationSupportsIndirectInputEvents[sdk=iphoneos*]" = YES;
				"INFOPLIST_KEY_UIApplicationSupportsIndirectInputEvents[sdk=iphonesimulator*]" = YES;
				"INFOPLIST_KEY_UILaunchScreen_Generation[sdk=iphoneos*]" = YES;
				"INFOPLIST_KEY_UILaunchScreen_Generation[sdk=iphonesimulator*]" = YES;
				"INFOPLIST_KEY_UIStatusBarStyle[sdk=iphoneos*]" = UIStatusBarStyleDefault;
				"INFOPLIST_KEY_UIStatusBarStyle[sdk=iphonesimulator*]" = UIStatusBarStyleDefault;
				INFOPLIST_KEY_UISupportedInterfaceOrientations_iPad = "UIInterfaceOrientationPortrait UIInterfaceOrientationPortraitUpsideDown UIInterfaceOrientationLandscapeLeft UIInterfaceOrientationLandscapeRight";
				INFOPLIST_KEY_UISupportedInterfaceOrientations_iPhone = "UIInterfaceOrientationPortrait UIInterfaceOrientationLandscapeLeft UIInterfaceOrientationLandscapeRight";
				IPHONEOS_DEPLOYMENT_TARGET = 17.2;
				LD_RUNPATH_SEARCH_PATHS = "@executable_path/Frameworks";
				"LD_RUNPATH_SEARCH_PATHS[sdk=macosx*]" = "@executable_path/../Frameworks";
				MACOSX_DEPLOYMENT_TARGET = 14.2;
				MARKETING_VERSION = 1.0;
				PRODUCT_BUNDLE_IDENTIFIER = "com.rob.SwiftUI-Pokedex";
				PRODUCT_NAME = "$(TARGET_NAME)";
				SDKROOT = auto;
				SUPPORTED_PLATFORMS = "appletvos appletvsimulator iphoneos iphonesimulator macosx";
				SUPPORTS_MACCATALYST = NO;
				SWIFT_EMIT_LOC_STRINGS = YES;
				SWIFT_VERSION = 5.0;
				TARGETED_DEVICE_FAMILY = "1,2,3";
			};
			name = Release;
		};
		D4ED17F22B48445C0097CF45 /* Debug */ = {
			isa = XCBuildConfiguration;
			buildSettings = {
				ASSETCATALOG_COMPILER_APPICON_NAME = AppIcon;
				ASSETCATALOG_COMPILER_GLOBAL_ACCENT_COLOR_NAME = AccentColor;
				CODE_SIGN_ENTITLEMENTS = "SwiftUI-Pokedex-MVVM/Core/Pokedex.entitlements";
				CODE_SIGN_STYLE = Automatic;
				CURRENT_PROJECT_VERSION = 1;
				DEVELOPMENT_ASSET_PATHS = "\"SwiftUI-Pokedex-MVVM/Preview Content\"";
				DEVELOPMENT_TEAM = SRD9PR5GCG;
				ENABLE_HARDENED_RUNTIME = YES;
				ENABLE_PREVIEWS = YES;
				GENERATE_INFOPLIST_FILE = YES;
				INFOPLIST_KEY_CFBundleDisplayName = MVVM;
				"INFOPLIST_KEY_UIApplicationSceneManifest_Generation[sdk=iphoneos*]" = YES;
				"INFOPLIST_KEY_UIApplicationSceneManifest_Generation[sdk=iphonesimulator*]" = YES;
				"INFOPLIST_KEY_UIApplicationSupportsIndirectInputEvents[sdk=iphoneos*]" = YES;
				"INFOPLIST_KEY_UIApplicationSupportsIndirectInputEvents[sdk=iphonesimulator*]" = YES;
				"INFOPLIST_KEY_UILaunchScreen_Generation[sdk=iphoneos*]" = YES;
				"INFOPLIST_KEY_UILaunchScreen_Generation[sdk=iphonesimulator*]" = YES;
				"INFOPLIST_KEY_UIStatusBarStyle[sdk=iphoneos*]" = UIStatusBarStyleDefault;
				"INFOPLIST_KEY_UIStatusBarStyle[sdk=iphonesimulator*]" = UIStatusBarStyleDefault;
				INFOPLIST_KEY_UISupportedInterfaceOrientations_iPad = "UIInterfaceOrientationPortrait UIInterfaceOrientationPortraitUpsideDown UIInterfaceOrientationLandscapeLeft UIInterfaceOrientationLandscapeRight";
				INFOPLIST_KEY_UISupportedInterfaceOrientations_iPhone = "UIInterfaceOrientationPortrait UIInterfaceOrientationLandscapeLeft UIInterfaceOrientationLandscapeRight";
				IPHONEOS_DEPLOYMENT_TARGET = 17.2;
				LD_RUNPATH_SEARCH_PATHS = "@executable_path/Frameworks";
				"LD_RUNPATH_SEARCH_PATHS[sdk=macosx*]" = "@executable_path/../Frameworks";
				MACOSX_DEPLOYMENT_TARGET = 14.2;
				MARKETING_VERSION = 1.0;
				PRODUCT_BUNDLE_IDENTIFIER = "com.rob.SwiftUI-Pokedex-MVVM";
				PRODUCT_NAME = "$(TARGET_NAME)";
				SDKROOT = auto;
				SUPPORTED_PLATFORMS = "appletvos appletvsimulator iphoneos iphonesimulator macosx";
				SUPPORTS_MACCATALYST = NO;
				SWIFT_EMIT_LOC_STRINGS = YES;
				SWIFT_VERSION = 5.0;
				TARGETED_DEVICE_FAMILY = "1,2,3";
			};
			name = Debug;
		};
		D4ED17F32B48445C0097CF45 /* Release */ = {
			isa = XCBuildConfiguration;
			buildSettings = {
				ASSETCATALOG_COMPILER_APPICON_NAME = AppIcon;
				ASSETCATALOG_COMPILER_GLOBAL_ACCENT_COLOR_NAME = AccentColor;
				CODE_SIGN_ENTITLEMENTS = "SwiftUI-Pokedex-MVVM/Core/Pokedex.entitlements";
				CODE_SIGN_STYLE = Automatic;
				CURRENT_PROJECT_VERSION = 1;
				DEVELOPMENT_ASSET_PATHS = "\"SwiftUI-Pokedex-MVVM/Preview Content\"";
				DEVELOPMENT_TEAM = SRD9PR5GCG;
				ENABLE_HARDENED_RUNTIME = YES;
				ENABLE_PREVIEWS = YES;
				GENERATE_INFOPLIST_FILE = YES;
				INFOPLIST_KEY_CFBundleDisplayName = MVVM;
				"INFOPLIST_KEY_UIApplicationSceneManifest_Generation[sdk=iphoneos*]" = YES;
				"INFOPLIST_KEY_UIApplicationSceneManifest_Generation[sdk=iphonesimulator*]" = YES;
				"INFOPLIST_KEY_UIApplicationSupportsIndirectInputEvents[sdk=iphoneos*]" = YES;
				"INFOPLIST_KEY_UIApplicationSupportsIndirectInputEvents[sdk=iphonesimulator*]" = YES;
				"INFOPLIST_KEY_UILaunchScreen_Generation[sdk=iphoneos*]" = YES;
				"INFOPLIST_KEY_UILaunchScreen_Generation[sdk=iphonesimulator*]" = YES;
				"INFOPLIST_KEY_UIStatusBarStyle[sdk=iphoneos*]" = UIStatusBarStyleDefault;
				"INFOPLIST_KEY_UIStatusBarStyle[sdk=iphonesimulator*]" = UIStatusBarStyleDefault;
				INFOPLIST_KEY_UISupportedInterfaceOrientations_iPad = "UIInterfaceOrientationPortrait UIInterfaceOrientationPortraitUpsideDown UIInterfaceOrientationLandscapeLeft UIInterfaceOrientationLandscapeRight";
				INFOPLIST_KEY_UISupportedInterfaceOrientations_iPhone = "UIInterfaceOrientationPortrait UIInterfaceOrientationLandscapeLeft UIInterfaceOrientationLandscapeRight";
				IPHONEOS_DEPLOYMENT_TARGET = 17.2;
				LD_RUNPATH_SEARCH_PATHS = "@executable_path/Frameworks";
				"LD_RUNPATH_SEARCH_PATHS[sdk=macosx*]" = "@executable_path/../Frameworks";
				MACOSX_DEPLOYMENT_TARGET = 14.2;
				MARKETING_VERSION = 1.0;
				PRODUCT_BUNDLE_IDENTIFIER = "com.rob.SwiftUI-Pokedex-MVVM";
				PRODUCT_NAME = "$(TARGET_NAME)";
				SDKROOT = auto;
				SUPPORTED_PLATFORMS = "appletvos appletvsimulator iphoneos iphonesimulator macosx";
				SUPPORTS_MACCATALYST = NO;
				SWIFT_EMIT_LOC_STRINGS = YES;
				SWIFT_VERSION = 5.0;
				TARGETED_DEVICE_FAMILY = "1,2,3";
			};
			name = Release;
		};
		D4ED180B2B4844950097CF45 /* Debug */ = {
			isa = XCBuildConfiguration;
			buildSettings = {
				ASSETCATALOG_COMPILER_APPICON_NAME = AppIcon;
				ASSETCATALOG_COMPILER_GLOBAL_ACCENT_COLOR_NAME = AccentColor;
				CODE_SIGN_STYLE = Automatic;
				CURRENT_PROJECT_VERSION = 1;
				DEVELOPMENT_ASSET_PATHS = "\"SwiftUI-Pokedex-Watch-MVVM/Preview Content\"";
				DEVELOPMENT_TEAM = SRD9PR5GCG;
				ENABLE_PREVIEWS = YES;
				GENERATE_INFOPLIST_FILE = YES;
				INFOPLIST_KEY_UIApplicationSceneManifest_Generation = YES;
				INFOPLIST_KEY_UISupportedInterfaceOrientations = "UIInterfaceOrientationPortrait UIInterfaceOrientationPortraitUpsideDown";
				INFOPLIST_KEY_WKWatchOnly = YES;
				LD_RUNPATH_SEARCH_PATHS = (
					"$(inherited)",
					"@executable_path/Frameworks",
				);
				MARKETING_VERSION = 1.0;
				PRODUCT_BUNDLE_IDENTIFIER = "com.rob.SwiftUI-Pokedex-Watch-MVVM.watchkitapp";
				PRODUCT_NAME = MVVM;
				SDKROOT = watchos;
				SKIP_INSTALL = YES;
				SWIFT_EMIT_LOC_STRINGS = YES;
				SWIFT_VERSION = 5.0;
				TARGETED_DEVICE_FAMILY = 4;
				WATCHOS_DEPLOYMENT_TARGET = 10.2;
			};
			name = Debug;
		};
		D4ED180C2B4844950097CF45 /* Release */ = {
			isa = XCBuildConfiguration;
			buildSettings = {
				ASSETCATALOG_COMPILER_APPICON_NAME = AppIcon;
				ASSETCATALOG_COMPILER_GLOBAL_ACCENT_COLOR_NAME = AccentColor;
				CODE_SIGN_STYLE = Automatic;
				CURRENT_PROJECT_VERSION = 1;
				DEVELOPMENT_ASSET_PATHS = "\"SwiftUI-Pokedex-Watch-MVVM/Preview Content\"";
				DEVELOPMENT_TEAM = SRD9PR5GCG;
				ENABLE_PREVIEWS = YES;
				GENERATE_INFOPLIST_FILE = YES;
				INFOPLIST_KEY_UIApplicationSceneManifest_Generation = YES;
				INFOPLIST_KEY_UISupportedInterfaceOrientations = "UIInterfaceOrientationPortrait UIInterfaceOrientationPortraitUpsideDown";
				INFOPLIST_KEY_WKWatchOnly = YES;
				LD_RUNPATH_SEARCH_PATHS = (
					"$(inherited)",
					"@executable_path/Frameworks",
				);
				MARKETING_VERSION = 1.0;
				PRODUCT_BUNDLE_IDENTIFIER = "com.rob.SwiftUI-Pokedex-Watch-MVVM.watchkitapp";
				PRODUCT_NAME = MVVM;
				SDKROOT = watchos;
				SKIP_INSTALL = YES;
				SWIFT_EMIT_LOC_STRINGS = YES;
				SWIFT_VERSION = 5.0;
				TARGETED_DEVICE_FAMILY = 4;
				VALIDATE_PRODUCT = YES;
				WATCHOS_DEPLOYMENT_TARGET = 10.2;
			};
			name = Release;
		};
/* End XCBuildConfiguration section */

/* Begin XCConfigurationList section */
		D460F81D2B44BBD30073F9E4 /* Build configuration list for PBXNativeTarget "SwiftUI-Pokedex-Watch-MV" */ = {
			isa = XCConfigurationList;
			buildConfigurations = (
				D460F81E2B44BBD30073F9E4 /* Debug */,
				D460F81F2B44BBD30073F9E4 /* Release */,
			);
			defaultConfigurationIsVisible = 0;
			defaultConfigurationName = Release;
		};
		D4D00A622AEA612300409A8D /* Build configuration list for PBXProject "SwiftUI-Pokedex" */ = {
			isa = XCConfigurationList;
			buildConfigurations = (
				D4D00A8C2AEA612600409A8D /* Debug */,
				D4D00A8D2AEA612600409A8D /* Release */,
			);
			defaultConfigurationIsVisible = 0;
			defaultConfigurationName = Release;
		};
		D4D00A8E2AEA612600409A8D /* Build configuration list for PBXNativeTarget "SwiftUI-Pokedex-MV" */ = {
			isa = XCConfigurationList;
			buildConfigurations = (
				D4D00A8F2AEA612600409A8D /* Debug */,
				D4D00A902AEA612600409A8D /* Release */,
			);
			defaultConfigurationIsVisible = 0;
			defaultConfigurationName = Release;
		};
		D4ED17F42B48445C0097CF45 /* Build configuration list for PBXNativeTarget "SwiftUI-Pokedex-MVVM" */ = {
			isa = XCConfigurationList;
			buildConfigurations = (
				D4ED17F22B48445C0097CF45 /* Debug */,
				D4ED17F32B48445C0097CF45 /* Release */,
			);
			defaultConfigurationIsVisible = 0;
			defaultConfigurationName = Release;
		};
		D4ED180A2B4844950097CF45 /* Build configuration list for PBXNativeTarget "SwiftUI-Pokedex-Watch-MVVM" */ = {
			isa = XCConfigurationList;
			buildConfigurations = (
				D4ED180B2B4844950097CF45 /* Debug */,
				D4ED180C2B4844950097CF45 /* Release */,
			);
			defaultConfigurationIsVisible = 0;
			defaultConfigurationName = Release;
		};
/* End XCConfigurationList section */

/* Begin XCRemoteSwiftPackageReference section */
		D4D00A992AEA681000409A8D /* XCRemoteSwiftPackageReference "Moya" */ = {
			isa = XCRemoteSwiftPackageReference;
			repositoryURL = "https://github.com/Moya/Moya.git";
			requirement = {
				kind = upToNextMajorVersion;
				minimumVersion = 15.0.3;
			};
		};
		D4D00A9A2AEA681800409A8D /* XCRemoteSwiftPackageReference "Kingfisher" */ = {
			isa = XCRemoteSwiftPackageReference;
			repositoryURL = "https://github.com/onevcat/Kingfisher.git";
			requirement = {
				kind = upToNextMajorVersion;
				minimumVersion = 7.9.1;
			};
		};
/* End XCRemoteSwiftPackageReference section */

/* Begin XCSwiftPackageProductDependency section */
		D405C5682B473A2E007BA702 /* UI */ = {
			isa = XCSwiftPackageProductDependency;
			productName = UI;
		};
		D49A6FD72B1517BB0071A716 /* UI */ = {
			isa = XCSwiftPackageProductDependency;
			productName = UI;
		};
		D49A6FD92B1518200071A716 /* Mock */ = {
			isa = XCSwiftPackageProductDependency;
			productName = Mock;
		};
		D4BD15C42B26634D00A11750 /* Error */ = {
			isa = XCSwiftPackageProductDependency;
			productName = Error;
		};
		D4C7B1EB2B4545CA0034121A /* Defaults */ = {
			isa = XCSwiftPackageProductDependency;
			productName = Defaults;
		};
		D4C7B1ED2B4545CA0034121A /* Error */ = {
			isa = XCSwiftPackageProductDependency;
			productName = Error;
		};
		D4C7B1EF2B4545CA0034121A /* Mock */ = {
			isa = XCSwiftPackageProductDependency;
			productName = Mock;
		};
		D4C7B1F12B4545CA0034121A /* Model */ = {
			isa = XCSwiftPackageProductDependency;
			productName = Model;
		};
		D4EBBC722B459D540045BD54 /* WatchAPI */ = {
			isa = XCSwiftPackageProductDependency;
			productName = WatchAPI;
		};
		D4EBBD252B45C4D00045BD54 /* Kingfisher */ = {
			isa = XCSwiftPackageProductDependency;
			package = D4D00A9A2AEA681800409A8D /* XCRemoteSwiftPackageReference "Kingfisher" */;
			productName = Kingfisher;
		};
		D4ED18112B4844E60097CF45 /* API */ = {
			isa = XCSwiftPackageProductDependency;
			productName = API;
		};
		D4ED18132B4844EA0097CF45 /* Defaults */ = {
			isa = XCSwiftPackageProductDependency;
			productName = Defaults;
		};
		D4ED18152B4844F10097CF45 /* Error */ = {
			isa = XCSwiftPackageProductDependency;
			productName = Error;
		};
		D4ED18172B4844F50097CF45 /* Mock */ = {
			isa = XCSwiftPackageProductDependency;
			productName = Mock;
		};
		D4ED18192B4844F50097CF45 /* Model */ = {
			isa = XCSwiftPackageProductDependency;
			productName = Model;
		};
		D4ED181B2B4844FC0097CF45 /* Navigation */ = {
			isa = XCSwiftPackageProductDependency;
			productName = Navigation;
		};
		D4ED181D2B4844FC0097CF45 /* UI */ = {
			isa = XCSwiftPackageProductDependency;
			productName = UI;
		};
		D4ED181F2B4845220097CF45 /* Defaults */ = {
			isa = XCSwiftPackageProductDependency;
			productName = Defaults;
		};
		D4ED18212B4845220097CF45 /* Error */ = {
			isa = XCSwiftPackageProductDependency;
			productName = Error;
		};
		D4ED18232B4845220097CF45 /* Mock */ = {
			isa = XCSwiftPackageProductDependency;
			productName = Mock;
		};
		D4ED18252B4845220097CF45 /* Kingfisher */ = {
			isa = XCSwiftPackageProductDependency;
			package = D4D00A9A2AEA681800409A8D /* XCRemoteSwiftPackageReference "Kingfisher" */;
			productName = Kingfisher;
		};
		D4ED18272B48452C0097CF45 /* Model */ = {
			isa = XCSwiftPackageProductDependency;
			productName = Model;
		};
		D4ED18292B48452C0097CF45 /* UI */ = {
			isa = XCSwiftPackageProductDependency;
			productName = UI;
		};
		D4ED182B2B48452C0097CF45 /* WatchAPI */ = {
			isa = XCSwiftPackageProductDependency;
			productName = WatchAPI;
		};
		D4F1E4C72B0FA89800A7FA53 /* API */ = {
			isa = XCSwiftPackageProductDependency;
			productName = API;
		};
		D4F1E4C92B0FA89800A7FA53 /* Defaults */ = {
			isa = XCSwiftPackageProductDependency;
			productName = Defaults;
		};
		D4F1E4CB2B0FA89800A7FA53 /* Model */ = {
			isa = XCSwiftPackageProductDependency;
			productName = Model;
		};
		D4F1E4CD2B0FA89800A7FA53 /* Navigation */ = {
			isa = XCSwiftPackageProductDependency;
			productName = Navigation;
		};
/* End XCSwiftPackageProductDependency section */
	};
	rootObject = D4D00A5F2AEA612300409A8D /* Project object */;
}
